PODS:
  - Differentiator (3.0.2)
  - RxCocoa (4.2.0):
    - RxSwift (~> 4.0)
  - RxDataSources (3.0.2):
    - Differentiator (~> 3.0)
    - RxCocoa (~> 4.0)
    - RxSwift (~> 4.0)
  - RxFeedback (1.0.3):
    - RxCocoa (~> 4.0)
    - RxSwift (~> 4.0)
  - RxOptional (3.4.0):
    - RxCocoa (~> 4.0)
    - RxSwift (~> 4.0)
  - RxSwift (4.2.0)
  - RxTest (4.2.0):
    - RxSwift (~> 4.0)
  - SwiftGen (5.3.0)
  - SWXMLHash (4.0.0)

DEPENDENCIES:
  - RxCocoa
  - RxDataSources
  - RxFeedback
  - RxOptional
  - RxSwift
  - RxTest
  - SwiftGen
  - SWXMLHash (~> 4.0.0)

SPEC REPOS:
  https://github.com/cocoapods/specs.git:
    - Differentiator
    - RxCocoa
    - RxDataSources
    - RxFeedback
    - RxOptional
    - RxSwift
    - RxTest
    - SwiftGen
    - SWXMLHash

SPEC CHECKSUMS:
  Differentiator: a87be69eba49ec4ab460c7671143ee3a9eececfd
  RxCocoa: 0b54909c902e1e581212a03e690bbd94032d8baa
  RxDataSources: cb7c31e652a87ebb919da45f716bbb87b3765f6b
  RxFeedback: 0b032eb82a4cf858b3b97fb8eb30a895f837fbda
  RxOptional: fabc37fc8e3cf4c336ebaeb5c92b576c64b2e6c5
  RxSwift: 99e10317ddfcc7fbe01356aafd118fde4a0be104
  RxTest: 8da864c0ee47534f586ff18fb0c7e5b2f1fe5023
  SwiftGen: 4379bd3640b0a212a0f6ea3c494adba385513d10
  SWXMLHash: 6bbc0bf72975a18ceda469fb7d6a886a26d81694

PODFILE CHECKSUM: 6c8d10f42b1ed1dc167708d493cd56f18da0562f

COCOAPODS: 1.5.3
