// !$*UTF8*$!
{
	archiveVersion = 1;
	classes = {
	};
	objectVersion = 50;
	objects = {

/* Begin PBXBuildFile section */
		26A4F469D5529E6670DD46C1 /* Pods_DBBrowser.framework in Frameworks */ = {isa = PBXBuildFile; fileRef = 284D8F3E04F1CBE35EBD72C4 /* Pods_DBBrowser.framework */; };
		781B32239C5B3BA8DF63FA36 /* Pods_DBBrowserTests.framework in Frameworks */ = {isa = PBXBuildFile; fileRef = 47CD79AA42B547EF5C29238C /* Pods_DBBrowserTests.framework */; };
		B8004D1520F65D20006A1A83 /* TimetableEventCell.swift in Sources */ = {isa = PBXBuildFile; fileRef = B8004D1420F65D20006A1A83 /* TimetableEventCell.swift */; };
		B8004D1720F66935006A1A83 /* TimetableState.swift in Sources */ = {isa = PBXBuildFile; fileRef = B8004D1620F66935006A1A83 /* TimetableState.swift */; };
		B8004D1A20F66C54006A1A83 /* TimetableReducerTests.swift in Sources */ = {isa = PBXBuildFile; fileRef = B8004D1920F66C54006A1A83 /* TimetableReducerTests.swift */; };
		B8004D1D20F66CCC006A1A83 /* TimetableEventBuilder.swift in Sources */ = {isa = PBXBuildFile; fileRef = B8004D1C20F66CCC006A1A83 /* TimetableEventBuilder.swift */; };
		B8004D1F20F67D7B006A1A83 /* TimetableBuilder.swift in Sources */ = {isa = PBXBuildFile; fileRef = B8004D1E20F67D7B006A1A83 /* TimetableBuilder.swift */; };
		B807037221158D5F0079570C /* ApiChangesBuilder.swift in Sources */ = {isa = PBXBuildFile; fileRef = B807037121158D5F0079570C /* ApiChangesBuilder.swift */; };
		B807037421158DA10079570C /* ApiChangedStopBuilder.swift in Sources */ = {isa = PBXBuildFile; fileRef = B807037321158DA10079570C /* ApiChangedStopBuilder.swift */; };
		B807037621158DAC0079570C /* ApiChangedEventBuilder.swift in Sources */ = {isa = PBXBuildFile; fileRef = B807037521158DAB0079570C /* ApiChangedEventBuilder.swift */; };
		B807E14E2115A2C400328A6F /* Recorded+Equatable.swift in Sources */ = {isa = PBXBuildFile; fileRef = B807E14D2115A2C400328A6F /* Recorded+Equatable.swift */; };
		B80877A320F7BDB000025B18 /* TimetableQueriesTests.swift in Sources */ = {isa = PBXBuildFile; fileRef = B80877A220F7BDAF00025B18 /* TimetableQueriesTests.swift */; };
		B80877A520F7BF3500025B18 /* TimetableSideEffects.swift in Sources */ = {isa = PBXBuildFile; fileRef = B80877A420F7BF3500025B18 /* TimetableSideEffects.swift */; };
		B80877A720F7C1EE00025B18 /* TimetableEffectsInvocationsTests.swift in Sources */ = {isa = PBXBuildFile; fileRef = B80877A620F7C1EE00025B18 /* TimetableEffectsInvocationsTests.swift */; };
		B80877A920F7C21400025B18 /* TimetableSideEffectsMock.swift in Sources */ = {isa = PBXBuildFile; fileRef = B80877A820F7C21400025B18 /* TimetableSideEffectsMock.swift */; };
		B81AB5AB2114BA1300D31BFC /* UIApplication+.swift in Sources */ = {isa = PBXBuildFile; fileRef = B81AB5AA2114BA1300D31BFC /* UIApplication+.swift */; };
		B81D7CA120F236D500A4F7BC /* Timetable.swift in Sources */ = {isa = PBXBuildFile; fileRef = B81D7CA020F236D500A4F7BC /* Timetable.swift */; };
		B81D7CA320F2387800A4F7BC /* ApiTimetableConverter.swift in Sources */ = {isa = PBXBuildFile; fileRef = B81D7CA220F2387800A4F7BC /* ApiTimetableConverter.swift */; };
		B81D7CA520F238E800A4F7BC /* ViewStateConverter.swift in Sources */ = {isa = PBXBuildFile; fileRef = B81D7CA420F238E800A4F7BC /* ViewStateConverter.swift */; };
		B81D7CA720F23A6400A4F7BC /* ApiTimetable.swift in Sources */ = {isa = PBXBuildFile; fileRef = B81D7CA620F23A6400A4F7BC /* ApiTimetable.swift */; };
		B8224EF520BAF07100F9132A /* RoundedView.swift in Sources */ = {isa = PBXBuildFile; fileRef = B8224EF420BAF07100F9132A /* RoundedView.swift */; };
		B8224EF720BAF4A900F9132A /* Localizable.strings in Resources */ = {isa = PBXBuildFile; fileRef = B8224EF620BAF4A900F9132A /* Localizable.strings */; };
		B8224EF920BAF58E00F9132A /* Strings.swift in Sources */ = {isa = PBXBuildFile; fileRef = B8224EF820BAF58E00F9132A /* Strings.swift */; };
		B82B967E20F476B80018E1F3 /* TimetableLoader.swift in Sources */ = {isa = PBXBuildFile; fileRef = B82B967D20F476B80018E1F3 /* TimetableLoader.swift */; };
		B82B968020F486900018E1F3 /* TimetableLoaderTests.swift in Sources */ = {isa = PBXBuildFile; fileRef = B82B967F20F486900018E1F3 /* TimetableLoaderTests.swift */; };
		B82B968220F489930018E1F3 /* TimetableServiceMock.swift in Sources */ = {isa = PBXBuildFile; fileRef = B82B968120F489930018E1F3 /* TimetableServiceMock.swift */; };
		B82B968520F5E84D0018E1F3 /* TimetableViewController.swift in Sources */ = {isa = PBXBuildFile; fileRef = B82B968420F5E84D0018E1F3 /* TimetableViewController.swift */; };
		B831E83620AC1EEC00B951DB /* AppState.swift in Sources */ = {isa = PBXBuildFile; fileRef = B831E83220AC1EEC00B951DB /* AppState.swift */; };
		B831E83720AC1EEC00B951DB /* SideEffects.swift in Sources */ = {isa = PBXBuildFile; fileRef = B831E83320AC1EEC00B951DB /* SideEffects.swift */; };
		B831E83820AC1EEC00B951DB /* State.swift in Sources */ = {isa = PBXBuildFile; fileRef = B831E83420AC1EEC00B951DB /* State.swift */; };
		B831E83920AC1EEC00B951DB /* AppStateStore.swift in Sources */ = {isa = PBXBuildFile; fileRef = B831E83520AC1EEC00B951DB /* AppStateStore.swift */; };
		B831E83B20AC20B400B951DB /* StationSearchState.swift in Sources */ = {isa = PBXBuildFile; fileRef = B831E83A20AC20B400B951DB /* StationSearchState.swift */; };
		B83BBCA4212BF55000259114 /* Changes.swift in Sources */ = {isa = PBXBuildFile; fileRef = B83BBCA3212BF55000259114 /* Changes.swift */; };
		B83BBCA8212C2FAA00259114 /* ChangesConverterTests.swift in Sources */ = {isa = PBXBuildFile; fileRef = B83BBCA7212C2FAA00259114 /* ChangesConverterTests.swift */; };
		B83BBCAB212C419800259114 /* ApiChangesConverter.swift in Sources */ = {isa = PBXBuildFile; fileRef = B83BBCAA212C419800259114 /* ApiChangesConverter.swift */; };
		B83BBCAD212C55E600259114 /* ChangesLoader.swift in Sources */ = {isa = PBXBuildFile; fileRef = B83BBCAC212C55E600259114 /* ChangesLoader.swift */; };
		B83BBCAF212C578500259114 /* ChangesLoaderTests.swift in Sources */ = {isa = PBXBuildFile; fileRef = B83BBCAE212C578500259114 /* ChangesLoaderTests.swift */; };
		B83BBCB1212C580800259114 /* ChangesConverterMock.swift in Sources */ = {isa = PBXBuildFile; fileRef = B83BBCB0212C580800259114 /* ChangesConverterMock.swift */; };
		B83BBCB3212C585000259114 /* ChangesBuilder.swift in Sources */ = {isa = PBXBuildFile; fileRef = B83BBCB2212C585000259114 /* ChangesBuilder.swift */; };
		B83BBCB5212C587F00259114 /* ChangesEventBuilder.swift in Sources */ = {isa = PBXBuildFile; fileRef = B83BBCB4212C587F00259114 /* ChangesEventBuilder.swift */; };
		B8476864212036BE00B82EC0 /* StringExtensionsTests.swift in Sources */ = {isa = PBXBuildFile; fileRef = B8476863212036BE00B82EC0 /* StringExtensionsTests.swift */; };
		B84AA5B3212174DC0010DC56 /* DatePickerViewController.swift in Sources */ = {isa = PBXBuildFile; fileRef = B84AA5B2212174DC0010DC56 /* DatePickerViewController.swift */; };
		B853867120B174BE003FB667 /* StationSearchSideEffects.swift in Sources */ = {isa = PBXBuildFile; fileRef = B853867020B174BE003FB667 /* StationSearchSideEffects.swift */; };
		B853867320B1792D003FB667 /* StationSearchEffectsInvocationsTests.swift in Sources */ = {isa = PBXBuildFile; fileRef = B853867220B1792D003FB667 /* StationSearchEffectsInvocationsTests.swift */; };
		B853867520B179D8003FB667 /* StationSearchSideEffectsMock.swift in Sources */ = {isa = PBXBuildFile; fileRef = B853867420B179D8003FB667 /* StationSearchSideEffectsMock.swift */; };
		B853867720B17B5A003FB667 /* SideEffectsMock.swift in Sources */ = {isa = PBXBuildFile; fileRef = B853867620B17B5A003FB667 /* SideEffectsMock.swift */; };
		B853867920B17E04003FB667 /* StationSearchViewState.swift in Sources */ = {isa = PBXBuildFile; fileRef = B853867820B17E04003FB667 /* StationSearchViewState.swift */; };
		B856025120A62FEE00B25893 /* StationFinderTests.swift in Sources */ = {isa = PBXBuildFile; fileRef = B856025020A62FEE00B25893 /* StationFinderTests.swift */; };
		B85F5441211DC19200C94878 /* TimetableTopDataView.swift in Sources */ = {isa = PBXBuildFile; fileRef = B85F5440211DC19200C94878 /* TimetableTopDataView.swift */; };
		B85F5443211DC3FF00C94878 /* Fonts.swift in Sources */ = {isa = PBXBuildFile; fileRef = B85F5442211DC3FF00C94878 /* Fonts.swift */; };
		B85F5445211DCDD100C94878 /* TimetableStationNameView.swift in Sources */ = {isa = PBXBuildFile; fileRef = B85F5444211DCDD100C94878 /* TimetableStationNameView.swift */; };
		B85F5447211DD77000C94878 /* String+.swift in Sources */ = {isa = PBXBuildFile; fileRef = B85F5446211DD77000C94878 /* String+.swift */; };
		B8602DF820A99E44001BEDC2 /* Assets.swift in Sources */ = {isa = PBXBuildFile; fileRef = B8602DF720A99E44001BEDC2 /* Assets.swift */; };
		B86A734C2114FA2600C38070 /* ApiChangedStop.swift in Sources */ = {isa = PBXBuildFile; fileRef = B86A734B2114F1DF00C38070 /* ApiChangedStop.swift */; };
		B86A734D2114FA2B00C38070 /* ApiChanges.swift in Sources */ = {isa = PBXBuildFile; fileRef = B86A73492114F1DF00C38070 /* ApiChanges.swift */; };
		B86A734E2114FA2B00C38070 /* ApiChangedEvent.swift in Sources */ = {isa = PBXBuildFile; fileRef = B86A734A2114F1DF00C38070 /* ApiChangedEvent.swift */; };
		B870B2C420F7A44B002BD34D /* TimetableViewState.swift in Sources */ = {isa = PBXBuildFile; fileRef = B870B2C320F7A44B002BD34D /* TimetableViewState.swift */; };
		B870B2C620F7A984002BD34D /* TimetableViewStateConverterTests.swift in Sources */ = {isa = PBXBuildFile; fileRef = B870B2C520F7A984002BD34D /* TimetableViewStateConverterTests.swift */; };
		B870B2C820F7AE1D002BD34D /* TimetableLoadParams.swift in Sources */ = {isa = PBXBuildFile; fileRef = B870B2C720F7AE1D002BD34D /* TimetableLoadParams.swift */; };
		B870CE51215380A10022158D /* ToastView.swift in Sources */ = {isa = PBXBuildFile; fileRef = B870CE4F215380A00022158D /* ToastView.swift */; };
		B870CE52215380A10022158D /* ToastManager.swift in Sources */ = {isa = PBXBuildFile; fileRef = B870CE50215380A10022158D /* ToastManager.swift */; };
		B877E2CF213041BD00F939E9 /* StationInfoLoader.swift in Sources */ = {isa = PBXBuildFile; fileRef = B877E2CE213041BD00F939E9 /* StationInfoLoader.swift */; };
		B877E2D121304A1400F939E9 /* StationInfoLoaderMock.swift in Sources */ = {isa = PBXBuildFile; fileRef = B877E2D021304A1400F939E9 /* StationInfoLoaderMock.swift */; };
		B877E2D32130581E00F939E9 /* StationInfoBuilder.swift in Sources */ = {isa = PBXBuildFile; fileRef = B877E2D22130581E00F939E9 /* StationInfoBuilder.swift */; };
		B87E3A97212E92EF00417470 /* TimetableSideEffectsTests.swift in Sources */ = {isa = PBXBuildFile; fileRef = B87E3A96212E92EF00417470 /* TimetableSideEffectsTests.swift */; };
		B87E3A99212E935800417470 /* TimetableLoaderMock.swift in Sources */ = {isa = PBXBuildFile; fileRef = B87E3A98212E935800417470 /* TimetableLoaderMock.swift */; };
		B87E3A9B212E949C00417470 /* ChangesLoaderMock.swift in Sources */ = {isa = PBXBuildFile; fileRef = B87E3A9A212E949C00417470 /* ChangesLoaderMock.swift */; };
		B87E3A9E212EAC7C00417470 /* ApiStationInfo.swift in Sources */ = {isa = PBXBuildFile; fileRef = B87E3A9D212EAC7C00417470 /* ApiStationInfo.swift */; };
		B87E3AA0212EB14900417470 /* ApiStationInfoConverter.swift in Sources */ = {isa = PBXBuildFile; fileRef = B87E3A9F212EB14900417470 /* ApiStationInfoConverter.swift */; };
		B87E3AA2212EB18700417470 /* StationInfo.swift in Sources */ = {isa = PBXBuildFile; fileRef = B87E3AA1212EB18700417470 /* StationInfo.swift */; };
		B8849FFB20F7A23A00BCD93A /* TimetableViewStateConverter.swift in Sources */ = {isa = PBXBuildFile; fileRef = B8849FFA20F7A23A00BCD93A /* TimetableViewStateConverter.swift */; };
		B88828BF20F344A8005802A4 /* TimetableConverterTests.swift in Sources */ = {isa = PBXBuildFile; fileRef = B88828BE20F344A8005802A4 /* TimetableConverterTests.swift */; };
		B88828C120F34514005802A4 /* ApiEventBuilder.swift in Sources */ = {isa = PBXBuildFile; fileRef = B88828C020F34514005802A4 /* ApiEventBuilder.swift */; };
		B88828C320F348AA005802A4 /* ApiTripLabelBuilder.swift in Sources */ = {isa = PBXBuildFile; fileRef = B88828C220F348AA005802A4 /* ApiTripLabelBuilder.swift */; };
		B88828C520F34B9C005802A4 /* ApiStopBuilder.swift in Sources */ = {isa = PBXBuildFile; fileRef = B88828C420F34B9C005802A4 /* ApiStopBuilder.swift */; };
		B88828C720F34C45005802A4 /* ApiStop.swift in Sources */ = {isa = PBXBuildFile; fileRef = B88828C620F34C45005802A4 /* ApiStop.swift */; };
		B88828C920F351AE005802A4 /* ApiEvent.swift in Sources */ = {isa = PBXBuildFile; fileRef = B88828C820F351AE005802A4 /* ApiEvent.swift */; };
		B88828CB20F35227005802A4 /* ApiTripLabel.swift in Sources */ = {isa = PBXBuildFile; fileRef = B88828CA20F35227005802A4 /* ApiTripLabel.swift */; };
		B88828CD20F354AA005802A4 /* ApiTimetableBuilder.swift in Sources */ = {isa = PBXBuildFile; fileRef = B88828CC20F354AA005802A4 /* ApiTimetableBuilder.swift */; };
		B88828D020F35E7F005802A4 /* DateTimeFormatter.swift in Sources */ = {isa = PBXBuildFile; fileRef = B88828CF20F35E7F005802A4 /* DateTimeFormatter.swift */; };
		B88828D220F36071005802A4 /* DateTimeFormatterMock.swift in Sources */ = {isa = PBXBuildFile; fileRef = B88828D120F36071005802A4 /* DateTimeFormatterMock.swift */; };
		B88828D520F362A4005802A4 /* DateTimeFormatterTests.swift in Sources */ = {isa = PBXBuildFile; fileRef = B88828D420F362A4005802A4 /* DateTimeFormatterTests.swift */; };
		B892CFBB20BAB12000176A15 /* FahrplanStation.swift in Sources */ = {isa = PBXBuildFile; fileRef = B892CFBA20BAB12000176A15 /* FahrplanStation.swift */; };
		B892CFBD20BABD8600176A15 /* LoadingCell.swift in Sources */ = {isa = PBXBuildFile; fileRef = B892CFBC20BABD8600176A15 /* LoadingCell.swift */; };
		B892CFBF20BAC39000176A15 /* UIView+.swift in Sources */ = {isa = PBXBuildFile; fileRef = B892CFBE20BAC39000176A15 /* UIView+.swift */; };
		B89DCF2D20F7E9FD00DF30C2 /* SceneCoordinatorState.swift in Sources */ = {isa = PBXBuildFile; fileRef = B89DCF2C20F7E87900DF30C2 /* SceneCoordinatorState.swift */; };
		B89DCF2F20F7EB3900DF30C2 /* SceneCoordinatorSideEffects.swift in Sources */ = {isa = PBXBuildFile; fileRef = B89DCF2E20F7EB3900DF30C2 /* SceneCoordinatorSideEffects.swift */; };
		B89DCF3120F7F06300DF30C2 /* SceneCoordinatorSideEffectsMock.swift in Sources */ = {isa = PBXBuildFile; fileRef = B89DCF3020F7F06300DF30C2 /* SceneCoordinatorSideEffectsMock.swift */; };
		B89DCF3320F7F25F00DF30C2 /* PresentationStyle.swift in Sources */ = {isa = PBXBuildFile; fileRef = B89DCF3220F7F25F00DF30C2 /* PresentationStyle.swift */; };
		B89F54AD20F0F5650070C765 /* TimetablesDecoder.swift in Sources */ = {isa = PBXBuildFile; fileRef = B89F54AC20F0F5650070C765 /* TimetablesDecoder.swift */; };
		B89F54B020F0F75F0070C765 /* XMLTimeTableDecoderTests.swift in Sources */ = {isa = PBXBuildFile; fileRef = B89F54AF20F0F75F0070C765 /* XMLTimeTableDecoderTests.swift */; };
		B8A9387220CFC9E9007460C6 /* MainScreenViewState.swift in Sources */ = {isa = PBXBuildFile; fileRef = B8A9387120CFC9E9007460C6 /* MainScreenViewState.swift */; };
		B8A9387920CFCECC007460C6 /* MainScreenViewStateConverter.swift in Sources */ = {isa = PBXBuildFile; fileRef = B8A9387820CFCECC007460C6 /* MainScreenViewStateConverter.swift */; };
		B8A9387B20CFCF64007460C6 /* MainScreenViewStateConverterTests.swift in Sources */ = {isa = PBXBuildFile; fileRef = B8A9387A20CFCF64007460C6 /* MainScreenViewStateConverterTests.swift */; };
		B8AAECB0212812D5008C5E8D /* DatePickerViewStateConverter.swift in Sources */ = {isa = PBXBuildFile; fileRef = B8AAECAF212812D4008C5E8D /* DatePickerViewStateConverter.swift */; };
		B8AAECB22128133A008C5E8D /* DatePickerViewState.swift in Sources */ = {isa = PBXBuildFile; fileRef = B8AAECB12128133A008C5E8D /* DatePickerViewState.swift */; };
		B8AAF48D20B96CB5000C9ADE /* StationSearchViewController.swift in Sources */ = {isa = PBXBuildFile; fileRef = B8AAF48C20B96CB5000C9ADE /* StationSearchViewController.swift */; };
		B8AAF48F20B96D2E000C9ADE /* DataDriven.swift in Sources */ = {isa = PBXBuildFile; fileRef = B8AAF48E20B96D2E000C9ADE /* DataDriven.swift */; };
		B8AAF49120B9764C000C9ADE /* StationCell.swift in Sources */ = {isa = PBXBuildFile; fileRef = B8AAF49020B9764C000C9ADE /* StationCell.swift */; };
		B8AAF49420B9787F000C9ADE /* UITableView+.swift in Sources */ = {isa = PBXBuildFile; fileRef = B8AAF49320B976AF000C9ADE /* UITableView+.swift */; };
		B8AAF49620B97A9E000C9ADE /* StationSearchViewStateConverter.swift in Sources */ = {isa = PBXBuildFile; fileRef = B8AAF49520B97A9E000C9ADE /* StationSearchViewStateConverter.swift */; };
		B8AAF49820B97C16000C9ADE /* StationSearchViewStateConverterTests.swift in Sources */ = {isa = PBXBuildFile; fileRef = B8AAF49720B97C16000C9ADE /* StationSearchViewStateConverterTests.swift */; };
		B8AAF49A20B9808A000C9ADE /* StateStoreBindable.swift in Sources */ = {isa = PBXBuildFile; fileRef = B8AAF49920B9808A000C9ADE /* StateStoreBindable.swift */; };
		B8B401BF20A5DEF400D25B2C /* AppDelegate.swift in Sources */ = {isa = PBXBuildFile; fileRef = B8B401BE20A5DEF400D25B2C /* AppDelegate.swift */; };
		B8B401C420A5DEF400D25B2C /* Main.storyboard in Resources */ = {isa = PBXBuildFile; fileRef = B8B401C220A5DEF400D25B2C /* Main.storyboard */; };
		B8B401C620A5DEF500D25B2C /* Assets.xcassets in Resources */ = {isa = PBXBuildFile; fileRef = B8B401C520A5DEF500D25B2C /* Assets.xcassets */; };
		B8B401C920A5DEF500D25B2C /* LaunchScreen.storyboard in Resources */ = {isa = PBXBuildFile; fileRef = B8B401C720A5DEF500D25B2C /* LaunchScreen.storyboard */; };
		B8B412FB20F3DB7A00003EEB /* TimetablesService.swift in Sources */ = {isa = PBXBuildFile; fileRef = B8B412FA20F3DB7A00003EEB /* TimetablesService.swift */; };
		B8C797A9212025060096DB33 /* TimetableEventCellConverter.swift in Sources */ = {isa = PBXBuildFile; fileRef = B8C797A8212025060096DB33 /* TimetableEventCellConverter.swift */; };
		B8C797AB212028100096DB33 /* TimetableEventCellConverterMock.swift in Sources */ = {isa = PBXBuildFile; fileRef = B8C797AA212028100096DB33 /* TimetableEventCellConverterMock.swift */; };
		B8C797AE212029BE0096DB33 /* TimetableEventCellStateBuilder.swift in Sources */ = {isa = PBXBuildFile; fileRef = B8C797AD212029BE0096DB33 /* TimetableEventCellStateBuilder.swift */; };
		B8D22602210F31CB0071B994 /* TestableObserver+.swift in Sources */ = {isa = PBXBuildFile; fileRef = B8D22601210F31CA0071B994 /* TestableObserver+.swift */; };
		B8D22604210F33CC0071B994 /* TimetableConverterMock.swift in Sources */ = {isa = PBXBuildFile; fileRef = B8D22603210F33CC0071B994 /* TimetableConverterMock.swift */; };
		B8DDCA8521202EFB004F8F35 /* TimetableEventCellConverterTests.swift in Sources */ = {isa = PBXBuildFile; fileRef = B8DDCA8421202EFB004F8F35 /* TimetableEventCellConverterTests.swift */; };
		B8DE6E0E210CAD0800F298F3 /* TimeZone+.swift in Sources */ = {isa = PBXBuildFile; fileRef = B8DE6E0D210CAD0800F298F3 /* TimeZone+.swift */; };
		B8E240432117142A009E7861 /* InputField.swift in Sources */ = {isa = PBXBuildFile; fileRef = B8E240422117142A009E7861 /* InputField.swift */; };
		B8E9CF79211092A600528954 /* TimetableMoreCell.swift in Sources */ = {isa = PBXBuildFile; fileRef = B8E9CF78211092A600528954 /* TimetableMoreCell.swift */; };
		B8F1E51720CFE600000F1606 /* State+ApplyEvents.swift in Sources */ = {isa = PBXBuildFile; fileRef = B8F1E51620CFE600000F1606 /* State+ApplyEvents.swift */; };
		B8F437C420A8298E00977CE3 /* Station.swift in Sources */ = {isa = PBXBuildFile; fileRef = B8F437C320A8298E00977CE3 /* Station.swift */; };
		B8F437C620A82A9500977CE3 /* FahrplanService.swift in Sources */ = {isa = PBXBuildFile; fileRef = B8F437C520A82A9500977CE3 /* FahrplanService.swift */; };
		B8F437CA20A8305600977CE3 /* ApiStationConverter.swift in Sources */ = {isa = PBXBuildFile; fileRef = B8F437C920A8305600977CE3 /* ApiStationConverter.swift */; };
		B8F437CD20A8335C00977CE3 /* StationFinder.swift in Sources */ = {isa = PBXBuildFile; fileRef = B8F437CC20A8335C00977CE3 /* StationFinder.swift */; };
		B8F437D020A8354900977CE3 /* FahrplanServiceMock.swift in Sources */ = {isa = PBXBuildFile; fileRef = B8F437CF20A8354900977CE3 /* FahrplanServiceMock.swift */; };
		B8F437D320A836A300977CE3 /* FahrplanStationBuilder.swift in Sources */ = {isa = PBXBuildFile; fileRef = B8F437D220A836A300977CE3 /* FahrplanStationBuilder.swift */; };
		B8F437D520A8392100977CE3 /* TestData.swift in Sources */ = {isa = PBXBuildFile; fileRef = B8F437D420A8392100977CE3 /* TestData.swift */; };
		B8F437D820A848FF00977CE3 /* SceneCoordinator.swift in Sources */ = {isa = PBXBuildFile; fileRef = B8F437D720A848FF00977CE3 /* SceneCoordinator.swift */; };
		B8F437DE20A84A7D00977CE3 /* Scene.swift in Sources */ = {isa = PBXBuildFile; fileRef = B8F437DD20A84A7D00977CE3 /* Scene.swift */; };
		B8F437E120A84E4400977CE3 /* MainScreenViewController.swift in Sources */ = {isa = PBXBuildFile; fileRef = B8F437E020A84E4400977CE3 /* MainScreenViewController.swift */; };
		B8F4C6C320B005C300E62DAE /* Result.swift in Sources */ = {isa = PBXBuildFile; fileRef = B8F4C6C220B005C300E62DAE /* Result.swift */; };
		B8F4C6C720B00D2400E62DAE /* StationSearchReducerTests.swift in Sources */ = {isa = PBXBuildFile; fileRef = B8F4C6C620B00D2400E62DAE /* StationSearchReducerTests.swift */; };
		B8F4C6C920B00E7A00E62DAE /* StationBuilder.swift in Sources */ = {isa = PBXBuildFile; fileRef = B8F4C6C820B00E7A00E62DAE /* StationBuilder.swift */; };
		B8F4C6CB20B0119F00E62DAE /* StationSearchQueriesTests.swift in Sources */ = {isa = PBXBuildFile; fileRef = B8F4C6CA20B0119F00E62DAE /* StationSearchQueriesTests.swift */; };
		B8FCC48D20CD7DAC007314ED /* ErrorCell.swift in Sources */ = {isa = PBXBuildFile; fileRef = B8FCC48C20CD7DAB007314ED /* ErrorCell.swift */; };
/* End PBXBuildFile section */

/* Begin PBXContainerItemProxy section */
		B8B401D020A5DEF500D25B2C /* PBXContainerItemProxy */ = {
			isa = PBXContainerItemProxy;
			containerPortal = B8B401B320A5DEF400D25B2C /* Project object */;
			proxyType = 1;
			remoteGlobalIDString = B8B401BA20A5DEF400D25B2C;
			remoteInfo = DBBrowser;
		};
/* End PBXContainerItemProxy section */

/* Begin PBXFileReference section */
		284D8F3E04F1CBE35EBD72C4 /* Pods_DBBrowser.framework */ = {isa = PBXFileReference; explicitFileType = wrapper.framework; includeInIndex = 0; path = Pods_DBBrowser.framework; sourceTree = BUILT_PRODUCTS_DIR; };
		47CD79AA42B547EF5C29238C /* Pods_DBBrowserTests.framework */ = {isa = PBXFileReference; explicitFileType = wrapper.framework; includeInIndex = 0; path = Pods_DBBrowserTests.framework; sourceTree = BUILT_PRODUCTS_DIR; };
		63CDD8A4D06EB52BD8B536DE /* Pods-DBBrowserTests.release.xcconfig */ = {isa = PBXFileReference; includeInIndex = 1; lastKnownFileType = text.xcconfig; name = "Pods-DBBrowserTests.release.xcconfig"; path = "Pods/Target Support Files/Pods-DBBrowserTests/Pods-DBBrowserTests.release.xcconfig"; sourceTree = "<group>"; };
		743F4F135F95FD863073017E /* Pods-DBBrowser.debug.xcconfig */ = {isa = PBXFileReference; includeInIndex = 1; lastKnownFileType = text.xcconfig; name = "Pods-DBBrowser.debug.xcconfig"; path = "Pods/Target Support Files/Pods-DBBrowser/Pods-DBBrowser.debug.xcconfig"; sourceTree = "<group>"; };
		97BE5DEBE833B39A2AFFC9DF /* Pods-DBBrowser.release.xcconfig */ = {isa = PBXFileReference; includeInIndex = 1; lastKnownFileType = text.xcconfig; name = "Pods-DBBrowser.release.xcconfig"; path = "Pods/Target Support Files/Pods-DBBrowser/Pods-DBBrowser.release.xcconfig"; sourceTree = "<group>"; };
		A3C4C3F158909093F7EA27B4 /* Pods-DBBrowserTests.debug.xcconfig */ = {isa = PBXFileReference; includeInIndex = 1; lastKnownFileType = text.xcconfig; name = "Pods-DBBrowserTests.debug.xcconfig"; path = "Pods/Target Support Files/Pods-DBBrowserTests/Pods-DBBrowserTests.debug.xcconfig"; sourceTree = "<group>"; };
		B8004D1420F65D20006A1A83 /* TimetableEventCell.swift */ = {isa = PBXFileReference; lastKnownFileType = sourcecode.swift; path = TimetableEventCell.swift; sourceTree = "<group>"; };
		B8004D1620F66935006A1A83 /* TimetableState.swift */ = {isa = PBXFileReference; lastKnownFileType = sourcecode.swift; path = TimetableState.swift; sourceTree = "<group>"; };
		B8004D1920F66C54006A1A83 /* TimetableReducerTests.swift */ = {isa = PBXFileReference; lastKnownFileType = sourcecode.swift; path = TimetableReducerTests.swift; sourceTree = "<group>"; };
		B8004D1C20F66CCC006A1A83 /* TimetableEventBuilder.swift */ = {isa = PBXFileReference; lastKnownFileType = sourcecode.swift; path = TimetableEventBuilder.swift; sourceTree = "<group>"; };
		B8004D1E20F67D7B006A1A83 /* TimetableBuilder.swift */ = {isa = PBXFileReference; lastKnownFileType = sourcecode.swift; path = TimetableBuilder.swift; sourceTree = "<group>"; };
		B807037121158D5F0079570C /* ApiChangesBuilder.swift */ = {isa = PBXFileReference; lastKnownFileType = sourcecode.swift; path = ApiChangesBuilder.swift; sourceTree = "<group>"; };
		B807037321158DA10079570C /* ApiChangedStopBuilder.swift */ = {isa = PBXFileReference; lastKnownFileType = sourcecode.swift; path = ApiChangedStopBuilder.swift; sourceTree = "<group>"; };
		B807037521158DAB0079570C /* ApiChangedEventBuilder.swift */ = {isa = PBXFileReference; lastKnownFileType = sourcecode.swift; path = ApiChangedEventBuilder.swift; sourceTree = "<group>"; };
		B807E14D2115A2C400328A6F /* Recorded+Equatable.swift */ = {isa = PBXFileReference; lastKnownFileType = sourcecode.swift; path = "Recorded+Equatable.swift"; sourceTree = "<group>"; };
		B80877A220F7BDAF00025B18 /* TimetableQueriesTests.swift */ = {isa = PBXFileReference; lastKnownFileType = sourcecode.swift; path = TimetableQueriesTests.swift; sourceTree = "<group>"; };
		B80877A420F7BF3500025B18 /* TimetableSideEffects.swift */ = {isa = PBXFileReference; lastKnownFileType = sourcecode.swift; path = TimetableSideEffects.swift; sourceTree = "<group>"; };
		B80877A620F7C1EE00025B18 /* TimetableEffectsInvocationsTests.swift */ = {isa = PBXFileReference; lastKnownFileType = sourcecode.swift; path = TimetableEffectsInvocationsTests.swift; sourceTree = "<group>"; };
		B80877A820F7C21400025B18 /* TimetableSideEffectsMock.swift */ = {isa = PBXFileReference; lastKnownFileType = sourcecode.swift; path = TimetableSideEffectsMock.swift; sourceTree = "<group>"; };
		B81AB5AA2114BA1300D31BFC /* UIApplication+.swift */ = {isa = PBXFileReference; lastKnownFileType = sourcecode.swift; path = "UIApplication+.swift"; sourceTree = "<group>"; };
		B81D7CA020F236D500A4F7BC /* Timetable.swift */ = {isa = PBXFileReference; lastKnownFileType = sourcecode.swift; path = Timetable.swift; sourceTree = "<group>"; };
		B81D7CA220F2387800A4F7BC /* ApiTimetableConverter.swift */ = {isa = PBXFileReference; lastKnownFileType = sourcecode.swift; path = ApiTimetableConverter.swift; sourceTree = "<group>"; };
		B81D7CA420F238E800A4F7BC /* ViewStateConverter.swift */ = {isa = PBXFileReference; lastKnownFileType = sourcecode.swift; path = ViewStateConverter.swift; sourceTree = "<group>"; };
		B81D7CA620F23A6400A4F7BC /* ApiTimetable.swift */ = {isa = PBXFileReference; lastKnownFileType = sourcecode.swift; path = ApiTimetable.swift; sourceTree = "<group>"; };
		B8224EF420BAF07100F9132A /* RoundedView.swift */ = {isa = PBXFileReference; lastKnownFileType = sourcecode.swift; path = RoundedView.swift; sourceTree = "<group>"; };
		B8224EF620BAF4A900F9132A /* Localizable.strings */ = {isa = PBXFileReference; lastKnownFileType = text.plist.strings; path = Localizable.strings; sourceTree = "<group>"; };
		B8224EF820BAF58E00F9132A /* Strings.swift */ = {isa = PBXFileReference; fileEncoding = 4; lastKnownFileType = sourcecode.swift; path = Strings.swift; sourceTree = "<group>"; };
		B82B967D20F476B80018E1F3 /* TimetableLoader.swift */ = {isa = PBXFileReference; lastKnownFileType = sourcecode.swift; path = TimetableLoader.swift; sourceTree = "<group>"; };
		B82B967F20F486900018E1F3 /* TimetableLoaderTests.swift */ = {isa = PBXFileReference; lastKnownFileType = sourcecode.swift; path = TimetableLoaderTests.swift; sourceTree = "<group>"; };
		B82B968120F489930018E1F3 /* TimetableServiceMock.swift */ = {isa = PBXFileReference; lastKnownFileType = sourcecode.swift; path = TimetableServiceMock.swift; sourceTree = "<group>"; };
		B82B968420F5E84D0018E1F3 /* TimetableViewController.swift */ = {isa = PBXFileReference; lastKnownFileType = sourcecode.swift; path = TimetableViewController.swift; sourceTree = "<group>"; };
		B831E83220AC1EEC00B951DB /* AppState.swift */ = {isa = PBXFileReference; fileEncoding = 4; lastKnownFileType = sourcecode.swift; path = AppState.swift; sourceTree = "<group>"; };
		B831E83320AC1EEC00B951DB /* SideEffects.swift */ = {isa = PBXFileReference; fileEncoding = 4; lastKnownFileType = sourcecode.swift; path = SideEffects.swift; sourceTree = "<group>"; };
		B831E83420AC1EEC00B951DB /* State.swift */ = {isa = PBXFileReference; fileEncoding = 4; lastKnownFileType = sourcecode.swift; path = State.swift; sourceTree = "<group>"; };
		B831E83520AC1EEC00B951DB /* AppStateStore.swift */ = {isa = PBXFileReference; fileEncoding = 4; lastKnownFileType = sourcecode.swift; path = AppStateStore.swift; sourceTree = "<group>"; };
		B831E83A20AC20B400B951DB /* StationSearchState.swift */ = {isa = PBXFileReference; lastKnownFileType = sourcecode.swift; path = StationSearchState.swift; sourceTree = "<group>"; };
		B83BBCA3212BF55000259114 /* Changes.swift */ = {isa = PBXFileReference; lastKnownFileType = sourcecode.swift; path = Changes.swift; sourceTree = "<group>"; };
		B83BBCA7212C2FAA00259114 /* ChangesConverterTests.swift */ = {isa = PBXFileReference; lastKnownFileType = sourcecode.swift; path = ChangesConverterTests.swift; sourceTree = "<group>"; };
		B83BBCAA212C419800259114 /* ApiChangesConverter.swift */ = {isa = PBXFileReference; lastKnownFileType = sourcecode.swift; path = ApiChangesConverter.swift; sourceTree = "<group>"; };
		B83BBCAC212C55E600259114 /* ChangesLoader.swift */ = {isa = PBXFileReference; lastKnownFileType = sourcecode.swift; path = ChangesLoader.swift; sourceTree = "<group>"; };
		B83BBCAE212C578500259114 /* ChangesLoaderTests.swift */ = {isa = PBXFileReference; lastKnownFileType = sourcecode.swift; path = ChangesLoaderTests.swift; sourceTree = "<group>"; };
		B83BBCB0212C580800259114 /* ChangesConverterMock.swift */ = {isa = PBXFileReference; lastKnownFileType = sourcecode.swift; path = ChangesConverterMock.swift; sourceTree = "<group>"; };
		B83BBCB2212C585000259114 /* ChangesBuilder.swift */ = {isa = PBXFileReference; lastKnownFileType = sourcecode.swift; path = ChangesBuilder.swift; sourceTree = "<group>"; };
		B83BBCB4212C587F00259114 /* ChangesEventBuilder.swift */ = {isa = PBXFileReference; lastKnownFileType = sourcecode.swift; path = ChangesEventBuilder.swift; sourceTree = "<group>"; };
		B8476863212036BE00B82EC0 /* StringExtensionsTests.swift */ = {isa = PBXFileReference; lastKnownFileType = sourcecode.swift; path = StringExtensionsTests.swift; sourceTree = "<group>"; };
		B84AA5B2212174DC0010DC56 /* DatePickerViewController.swift */ = {isa = PBXFileReference; lastKnownFileType = sourcecode.swift; path = DatePickerViewController.swift; sourceTree = "<group>"; };
		B853867020B174BE003FB667 /* StationSearchSideEffects.swift */ = {isa = PBXFileReference; lastKnownFileType = sourcecode.swift; path = StationSearchSideEffects.swift; sourceTree = "<group>"; };
		B853867220B1792D003FB667 /* StationSearchEffectsInvocationsTests.swift */ = {isa = PBXFileReference; lastKnownFileType = sourcecode.swift; path = StationSearchEffectsInvocationsTests.swift; sourceTree = "<group>"; };
		B853867420B179D8003FB667 /* StationSearchSideEffectsMock.swift */ = {isa = PBXFileReference; lastKnownFileType = sourcecode.swift; path = StationSearchSideEffectsMock.swift; sourceTree = "<group>"; };
		B853867620B17B5A003FB667 /* SideEffectsMock.swift */ = {isa = PBXFileReference; lastKnownFileType = sourcecode.swift; path = SideEffectsMock.swift; sourceTree = "<group>"; };
		B853867820B17E04003FB667 /* StationSearchViewState.swift */ = {isa = PBXFileReference; lastKnownFileType = sourcecode.swift; path = StationSearchViewState.swift; sourceTree = "<group>"; };
		B856025020A62FEE00B25893 /* StationFinderTests.swift */ = {isa = PBXFileReference; fileEncoding = 4; lastKnownFileType = sourcecode.swift; path = StationFinderTests.swift; sourceTree = "<group>"; };
		B85F5440211DC19200C94878 /* TimetableTopDataView.swift */ = {isa = PBXFileReference; lastKnownFileType = sourcecode.swift; path = TimetableTopDataView.swift; sourceTree = "<group>"; };
		B85F5442211DC3FF00C94878 /* Fonts.swift */ = {isa = PBXFileReference; lastKnownFileType = sourcecode.swift; path = Fonts.swift; sourceTree = "<group>"; };
		B85F5444211DCDD100C94878 /* TimetableStationNameView.swift */ = {isa = PBXFileReference; lastKnownFileType = sourcecode.swift; path = TimetableStationNameView.swift; sourceTree = "<group>"; };
		B85F5446211DD77000C94878 /* String+.swift */ = {isa = PBXFileReference; lastKnownFileType = sourcecode.swift; path = "String+.swift"; sourceTree = "<group>"; };
		B8602DF720A99E44001BEDC2 /* Assets.swift */ = {isa = PBXFileReference; fileEncoding = 4; lastKnownFileType = sourcecode.swift; path = Assets.swift; sourceTree = "<group>"; };
		B86A73492114F1DF00C38070 /* ApiChanges.swift */ = {isa = PBXFileReference; lastKnownFileType = sourcecode.swift; path = ApiChanges.swift; sourceTree = "<group>"; };
		B86A734A2114F1DF00C38070 /* ApiChangedEvent.swift */ = {isa = PBXFileReference; lastKnownFileType = sourcecode.swift; path = ApiChangedEvent.swift; sourceTree = "<group>"; };
		B86A734B2114F1DF00C38070 /* ApiChangedStop.swift */ = {isa = PBXFileReference; lastKnownFileType = sourcecode.swift; path = ApiChangedStop.swift; sourceTree = "<group>"; };
		B870B2C320F7A44B002BD34D /* TimetableViewState.swift */ = {isa = PBXFileReference; lastKnownFileType = sourcecode.swift; path = TimetableViewState.swift; sourceTree = "<group>"; };
		B870B2C520F7A984002BD34D /* TimetableViewStateConverterTests.swift */ = {isa = PBXFileReference; lastKnownFileType = sourcecode.swift; path = TimetableViewStateConverterTests.swift; sourceTree = "<group>"; };
		B870B2C720F7AE1D002BD34D /* TimetableLoadParams.swift */ = {isa = PBXFileReference; lastKnownFileType = sourcecode.swift; path = TimetableLoadParams.swift; sourceTree = "<group>"; };
		B870CE4F215380A00022158D /* ToastView.swift */ = {isa = PBXFileReference; fileEncoding = 4; lastKnownFileType = sourcecode.swift; path = ToastView.swift; sourceTree = "<group>"; };
		B870CE50215380A10022158D /* ToastManager.swift */ = {isa = PBXFileReference; fileEncoding = 4; lastKnownFileType = sourcecode.swift; path = ToastManager.swift; sourceTree = "<group>"; };
		B877E2CE213041BD00F939E9 /* StationInfoLoader.swift */ = {isa = PBXFileReference; lastKnownFileType = sourcecode.swift; path = StationInfoLoader.swift; sourceTree = "<group>"; };
		B877E2D021304A1400F939E9 /* StationInfoLoaderMock.swift */ = {isa = PBXFileReference; lastKnownFileType = sourcecode.swift; path = StationInfoLoaderMock.swift; sourceTree = "<group>"; };
		B877E2D22130581E00F939E9 /* StationInfoBuilder.swift */ = {isa = PBXFileReference; lastKnownFileType = sourcecode.swift; path = StationInfoBuilder.swift; sourceTree = "<group>"; };
		B87E3A96212E92EF00417470 /* TimetableSideEffectsTests.swift */ = {isa = PBXFileReference; lastKnownFileType = sourcecode.swift; path = TimetableSideEffectsTests.swift; sourceTree = "<group>"; };
		B87E3A98212E935800417470 /* TimetableLoaderMock.swift */ = {isa = PBXFileReference; lastKnownFileType = sourcecode.swift; path = TimetableLoaderMock.swift; sourceTree = "<group>"; };
		B87E3A9A212E949C00417470 /* ChangesLoaderMock.swift */ = {isa = PBXFileReference; lastKnownFileType = sourcecode.swift; path = ChangesLoaderMock.swift; sourceTree = "<group>"; };
		B87E3A9D212EAC7C00417470 /* ApiStationInfo.swift */ = {isa = PBXFileReference; lastKnownFileType = sourcecode.swift; path = ApiStationInfo.swift; sourceTree = "<group>"; };
		B87E3A9F212EB14900417470 /* ApiStationInfoConverter.swift */ = {isa = PBXFileReference; lastKnownFileType = sourcecode.swift; path = ApiStationInfoConverter.swift; sourceTree = "<group>"; };
		B87E3AA1212EB18700417470 /* StationInfo.swift */ = {isa = PBXFileReference; lastKnownFileType = sourcecode.swift; path = StationInfo.swift; sourceTree = "<group>"; };
		B8849FFA20F7A23A00BCD93A /* TimetableViewStateConverter.swift */ = {isa = PBXFileReference; lastKnownFileType = sourcecode.swift; path = TimetableViewStateConverter.swift; sourceTree = "<group>"; };
		B88828BE20F344A8005802A4 /* TimetableConverterTests.swift */ = {isa = PBXFileReference; lastKnownFileType = sourcecode.swift; path = TimetableConverterTests.swift; sourceTree = "<group>"; };
		B88828C020F34514005802A4 /* ApiEventBuilder.swift */ = {isa = PBXFileReference; lastKnownFileType = sourcecode.swift; path = ApiEventBuilder.swift; sourceTree = "<group>"; };
		B88828C220F348AA005802A4 /* ApiTripLabelBuilder.swift */ = {isa = PBXFileReference; lastKnownFileType = sourcecode.swift; path = ApiTripLabelBuilder.swift; sourceTree = "<group>"; };
		B88828C420F34B9C005802A4 /* ApiStopBuilder.swift */ = {isa = PBXFileReference; lastKnownFileType = sourcecode.swift; path = ApiStopBuilder.swift; sourceTree = "<group>"; };
		B88828C620F34C45005802A4 /* ApiStop.swift */ = {isa = PBXFileReference; lastKnownFileType = sourcecode.swift; path = ApiStop.swift; sourceTree = "<group>"; };
		B88828C820F351AE005802A4 /* ApiEvent.swift */ = {isa = PBXFileReference; lastKnownFileType = sourcecode.swift; path = ApiEvent.swift; sourceTree = "<group>"; };
		B88828CA20F35227005802A4 /* ApiTripLabel.swift */ = {isa = PBXFileReference; lastKnownFileType = sourcecode.swift; path = ApiTripLabel.swift; sourceTree = "<group>"; };
		B88828CC20F354AA005802A4 /* ApiTimetableBuilder.swift */ = {isa = PBXFileReference; lastKnownFileType = sourcecode.swift; path = ApiTimetableBuilder.swift; sourceTree = "<group>"; };
		B88828CF20F35E7F005802A4 /* DateTimeFormatter.swift */ = {isa = PBXFileReference; lastKnownFileType = sourcecode.swift; path = DateTimeFormatter.swift; sourceTree = "<group>"; };
		B88828D120F36071005802A4 /* DateTimeFormatterMock.swift */ = {isa = PBXFileReference; lastKnownFileType = sourcecode.swift; path = DateTimeFormatterMock.swift; sourceTree = "<group>"; };
		B88828D420F362A4005802A4 /* DateTimeFormatterTests.swift */ = {isa = PBXFileReference; lastKnownFileType = sourcecode.swift; path = DateTimeFormatterTests.swift; sourceTree = "<group>"; };
		B892CFBA20BAB12000176A15 /* FahrplanStation.swift */ = {isa = PBXFileReference; lastKnownFileType = sourcecode.swift; path = FahrplanStation.swift; sourceTree = "<group>"; };
		B892CFBC20BABD8600176A15 /* LoadingCell.swift */ = {isa = PBXFileReference; lastKnownFileType = sourcecode.swift; path = LoadingCell.swift; sourceTree = "<group>"; };
		B892CFBE20BAC39000176A15 /* UIView+.swift */ = {isa = PBXFileReference; lastKnownFileType = sourcecode.swift; path = "UIView+.swift"; sourceTree = "<group>"; };
		B89DCF2C20F7E87900DF30C2 /* SceneCoordinatorState.swift */ = {isa = PBXFileReference; lastKnownFileType = sourcecode.swift; path = SceneCoordinatorState.swift; sourceTree = "<group>"; };
		B89DCF2E20F7EB3900DF30C2 /* SceneCoordinatorSideEffects.swift */ = {isa = PBXFileReference; lastKnownFileType = sourcecode.swift; path = SceneCoordinatorSideEffects.swift; sourceTree = "<group>"; };
		B89DCF3020F7F06300DF30C2 /* SceneCoordinatorSideEffectsMock.swift */ = {isa = PBXFileReference; lastKnownFileType = sourcecode.swift; path = SceneCoordinatorSideEffectsMock.swift; sourceTree = "<group>"; };
		B89DCF3220F7F25F00DF30C2 /* PresentationStyle.swift */ = {isa = PBXFileReference; lastKnownFileType = sourcecode.swift; path = PresentationStyle.swift; sourceTree = "<group>"; };
		B89F54AC20F0F5650070C765 /* TimetablesDecoder.swift */ = {isa = PBXFileReference; lastKnownFileType = sourcecode.swift; path = TimetablesDecoder.swift; sourceTree = "<group>"; };
		B89F54AF20F0F75F0070C765 /* XMLTimeTableDecoderTests.swift */ = {isa = PBXFileReference; lastKnownFileType = sourcecode.swift; path = XMLTimeTableDecoderTests.swift; sourceTree = "<group>"; };
		B8A9387120CFC9E9007460C6 /* MainScreenViewState.swift */ = {isa = PBXFileReference; lastKnownFileType = sourcecode.swift; path = MainScreenViewState.swift; sourceTree = "<group>"; };
		B8A9387820CFCECC007460C6 /* MainScreenViewStateConverter.swift */ = {isa = PBXFileReference; lastKnownFileType = sourcecode.swift; path = MainScreenViewStateConverter.swift; sourceTree = "<group>"; };
		B8A9387A20CFCF64007460C6 /* MainScreenViewStateConverterTests.swift */ = {isa = PBXFileReference; lastKnownFileType = sourcecode.swift; path = MainScreenViewStateConverterTests.swift; sourceTree = "<group>"; };
		B8AAECAF212812D4008C5E8D /* DatePickerViewStateConverter.swift */ = {isa = PBXFileReference; lastKnownFileType = sourcecode.swift; path = DatePickerViewStateConverter.swift; sourceTree = "<group>"; };
		B8AAECB12128133A008C5E8D /* DatePickerViewState.swift */ = {isa = PBXFileReference; lastKnownFileType = sourcecode.swift; path = DatePickerViewState.swift; sourceTree = "<group>"; };
		B8AAF48C20B96CB5000C9ADE /* StationSearchViewController.swift */ = {isa = PBXFileReference; lastKnownFileType = sourcecode.swift; path = StationSearchViewController.swift; sourceTree = "<group>"; };
		B8AAF48E20B96D2E000C9ADE /* DataDriven.swift */ = {isa = PBXFileReference; lastKnownFileType = sourcecode.swift; path = DataDriven.swift; sourceTree = "<group>"; };
		B8AAF49020B9764C000C9ADE /* StationCell.swift */ = {isa = PBXFileReference; lastKnownFileType = sourcecode.swift; path = StationCell.swift; sourceTree = "<group>"; };
		B8AAF49320B976AF000C9ADE /* UITableView+.swift */ = {isa = PBXFileReference; lastKnownFileType = sourcecode.swift; path = "UITableView+.swift"; sourceTree = "<group>"; };
		B8AAF49520B97A9E000C9ADE /* StationSearchViewStateConverter.swift */ = {isa = PBXFileReference; lastKnownFileType = sourcecode.swift; path = StationSearchViewStateConverter.swift; sourceTree = "<group>"; };
		B8AAF49720B97C16000C9ADE /* StationSearchViewStateConverterTests.swift */ = {isa = PBXFileReference; lastKnownFileType = sourcecode.swift; path = StationSearchViewStateConverterTests.swift; sourceTree = "<group>"; };
		B8AAF49920B9808A000C9ADE /* StateStoreBindable.swift */ = {isa = PBXFileReference; lastKnownFileType = sourcecode.swift; path = StateStoreBindable.swift; sourceTree = "<group>"; };
		B8B401BB20A5DEF400D25B2C /* DBBrowser.app */ = {isa = PBXFileReference; explicitFileType = wrapper.application; includeInIndex = 0; path = DBBrowser.app; sourceTree = BUILT_PRODUCTS_DIR; };
		B8B401BE20A5DEF400D25B2C /* AppDelegate.swift */ = {isa = PBXFileReference; lastKnownFileType = sourcecode.swift; path = AppDelegate.swift; sourceTree = "<group>"; };
		B8B401C320A5DEF400D25B2C /* Base */ = {isa = PBXFileReference; lastKnownFileType = file.storyboard; name = Base; path = Base.lproj/Main.storyboard; sourceTree = "<group>"; };
		B8B401C520A5DEF500D25B2C /* Assets.xcassets */ = {isa = PBXFileReference; lastKnownFileType = folder.assetcatalog; path = Assets.xcassets; sourceTree = "<group>"; };
		B8B401C820A5DEF500D25B2C /* Base */ = {isa = PBXFileReference; lastKnownFileType = file.storyboard; name = Base; path = Base.lproj/LaunchScreen.storyboard; sourceTree = "<group>"; };
		B8B401CA20A5DEF500D25B2C /* Info.plist */ = {isa = PBXFileReference; lastKnownFileType = text.plist.xml; path = Info.plist; sourceTree = "<group>"; };
		B8B401CF20A5DEF500D25B2C /* DBBrowserTests.xctest */ = {isa = PBXFileReference; explicitFileType = wrapper.cfbundle; includeInIndex = 0; path = DBBrowserTests.xctest; sourceTree = BUILT_PRODUCTS_DIR; };
		B8B401D520A5DEF500D25B2C /* Info.plist */ = {isa = PBXFileReference; lastKnownFileType = text.plist.xml; path = Info.plist; sourceTree = "<group>"; };
		B8B412FA20F3DB7A00003EEB /* TimetablesService.swift */ = {isa = PBXFileReference; lastKnownFileType = sourcecode.swift; path = TimetablesService.swift; sourceTree = "<group>"; };
		B8C797A8212025060096DB33 /* TimetableEventCellConverter.swift */ = {isa = PBXFileReference; lastKnownFileType = sourcecode.swift; path = TimetableEventCellConverter.swift; sourceTree = "<group>"; };
		B8C797AA212028100096DB33 /* TimetableEventCellConverterMock.swift */ = {isa = PBXFileReference; lastKnownFileType = sourcecode.swift; path = TimetableEventCellConverterMock.swift; sourceTree = "<group>"; };
		B8C797AD212029BE0096DB33 /* TimetableEventCellStateBuilder.swift */ = {isa = PBXFileReference; lastKnownFileType = sourcecode.swift; path = TimetableEventCellStateBuilder.swift; sourceTree = "<group>"; };
		B8D22601210F31CA0071B994 /* TestableObserver+.swift */ = {isa = PBXFileReference; fileEncoding = 4; lastKnownFileType = sourcecode.swift; path = "TestableObserver+.swift"; sourceTree = "<group>"; };
		B8D22603210F33CC0071B994 /* TimetableConverterMock.swift */ = {isa = PBXFileReference; lastKnownFileType = sourcecode.swift; path = TimetableConverterMock.swift; sourceTree = "<group>"; };
		B8DDCA8421202EFB004F8F35 /* TimetableEventCellConverterTests.swift */ = {isa = PBXFileReference; lastKnownFileType = sourcecode.swift; path = TimetableEventCellConverterTests.swift; sourceTree = "<group>"; };
		B8DE6E0D210CAD0800F298F3 /* TimeZone+.swift */ = {isa = PBXFileReference; lastKnownFileType = sourcecode.swift; path = "TimeZone+.swift"; sourceTree = "<group>"; };
		B8E240422117142A009E7861 /* InputField.swift */ = {isa = PBXFileReference; lastKnownFileType = sourcecode.swift; path = InputField.swift; sourceTree = "<group>"; };
		B8E9CF78211092A600528954 /* TimetableMoreCell.swift */ = {isa = PBXFileReference; lastKnownFileType = sourcecode.swift; path = TimetableMoreCell.swift; sourceTree = "<group>"; };
		B8F1E51620CFE600000F1606 /* State+ApplyEvents.swift */ = {isa = PBXFileReference; lastKnownFileType = sourcecode.swift; path = "State+ApplyEvents.swift"; sourceTree = "<group>"; };
		B8F437C320A8298E00977CE3 /* Station.swift */ = {isa = PBXFileReference; lastKnownFileType = sourcecode.swift; path = Station.swift; sourceTree = "<group>"; };
		B8F437C520A82A9500977CE3 /* FahrplanService.swift */ = {isa = PBXFileReference; lastKnownFileType = sourcecode.swift; path = FahrplanService.swift; sourceTree = "<group>"; };
		B8F437C920A8305600977CE3 /* ApiStationConverter.swift */ = {isa = PBXFileReference; lastKnownFileType = sourcecode.swift; path = ApiStationConverter.swift; sourceTree = "<group>"; };
		B8F437CC20A8335C00977CE3 /* StationFinder.swift */ = {isa = PBXFileReference; lastKnownFileType = sourcecode.swift; path = StationFinder.swift; sourceTree = "<group>"; };
		B8F437CF20A8354900977CE3 /* FahrplanServiceMock.swift */ = {isa = PBXFileReference; lastKnownFileType = sourcecode.swift; path = FahrplanServiceMock.swift; sourceTree = "<group>"; };
		B8F437D220A836A300977CE3 /* FahrplanStationBuilder.swift */ = {isa = PBXFileReference; lastKnownFileType = sourcecode.swift; path = FahrplanStationBuilder.swift; sourceTree = "<group>"; };
		B8F437D420A8392100977CE3 /* TestData.swift */ = {isa = PBXFileReference; lastKnownFileType = sourcecode.swift; path = TestData.swift; sourceTree = "<group>"; };
		B8F437D720A848FF00977CE3 /* SceneCoordinator.swift */ = {isa = PBXFileReference; fileEncoding = 4; lastKnownFileType = sourcecode.swift; path = SceneCoordinator.swift; sourceTree = "<group>"; };
		B8F437DD20A84A7D00977CE3 /* Scene.swift */ = {isa = PBXFileReference; lastKnownFileType = sourcecode.swift; path = Scene.swift; sourceTree = "<group>"; };
		B8F437E020A84E4400977CE3 /* MainScreenViewController.swift */ = {isa = PBXFileReference; lastKnownFileType = sourcecode.swift; path = MainScreenViewController.swift; sourceTree = "<group>"; };
		B8F4C6C220B005C300E62DAE /* Result.swift */ = {isa = PBXFileReference; lastKnownFileType = sourcecode.swift; path = Result.swift; sourceTree = "<group>"; };
		B8F4C6C620B00D2400E62DAE /* StationSearchReducerTests.swift */ = {isa = PBXFileReference; lastKnownFileType = sourcecode.swift; path = StationSearchReducerTests.swift; sourceTree = "<group>"; };
		B8F4C6C820B00E7A00E62DAE /* StationBuilder.swift */ = {isa = PBXFileReference; lastKnownFileType = sourcecode.swift; path = StationBuilder.swift; sourceTree = "<group>"; };
		B8F4C6CA20B0119F00E62DAE /* StationSearchQueriesTests.swift */ = {isa = PBXFileReference; lastKnownFileType = sourcecode.swift; path = StationSearchQueriesTests.swift; sourceTree = "<group>"; };
		B8FCC48C20CD7DAB007314ED /* ErrorCell.swift */ = {isa = PBXFileReference; lastKnownFileType = sourcecode.swift; path = ErrorCell.swift; sourceTree = "<group>"; };
/* End PBXFileReference section */

/* Begin PBXFrameworksBuildPhase section */
		B8B401B820A5DEF400D25B2C /* Frameworks */ = {
			isa = PBXFrameworksBuildPhase;
			buildActionMask = 2147483647;
			files = (
				26A4F469D5529E6670DD46C1 /* Pods_DBBrowser.framework in Frameworks */,
			);
			runOnlyForDeploymentPostprocessing = 0;
		};
		B8B401CC20A5DEF500D25B2C /* Frameworks */ = {
			isa = PBXFrameworksBuildPhase;
			buildActionMask = 2147483647;
			files = (
				781B32239C5B3BA8DF63FA36 /* Pods_DBBrowserTests.framework in Frameworks */,
			);
			runOnlyForDeploymentPostprocessing = 0;
		};
/* End PBXFrameworksBuildPhase section */

/* Begin PBXGroup section */
		4918CFC715F9424E5E326596 /* Frameworks */ = {
			isa = PBXGroup;
			children = (
				284D8F3E04F1CBE35EBD72C4 /* Pods_DBBrowser.framework */,
				47CD79AA42B547EF5C29238C /* Pods_DBBrowserTests.framework */,
			);
			name = Frameworks;
			sourceTree = "<group>";
		};
		B8004D1320F65D0E006A1A83 /* Cells */ = {
			isa = PBXGroup;
			children = (
				B8004D1420F65D20006A1A83 /* TimetableEventCell.swift */,
				B85F5440211DC19200C94878 /* TimetableTopDataView.swift */,
				B85F5444211DCDD100C94878 /* TimetableStationNameView.swift */,
				B8E9CF78211092A600528954 /* TimetableMoreCell.swift */,
			);
			path = Cells;
			sourceTree = "<group>";
		};
		B8004D1820F66C30006A1A83 /* Timetable */ = {
			isa = PBXGroup;
			children = (
				B8004D1920F66C54006A1A83 /* TimetableReducerTests.swift */,
				B80877A220F7BDAF00025B18 /* TimetableQueriesTests.swift */,
				B80877A620F7C1EE00025B18 /* TimetableEffectsInvocationsTests.swift */,
				B87E3A96212E92EF00417470 /* TimetableSideEffectsTests.swift */,
			);
			path = Timetable;
			sourceTree = "<group>";
		};
		B8004D1B20F66C98006A1A83 /* API */ = {
			isa = PBXGroup;
			children = (
				B807037521158DAB0079570C /* ApiChangedEventBuilder.swift */,
				B807037321158DA10079570C /* ApiChangedStopBuilder.swift */,
				B807037121158D5F0079570C /* ApiChangesBuilder.swift */,
				B88828C020F34514005802A4 /* ApiEventBuilder.swift */,
				B88828C220F348AA005802A4 /* ApiTripLabelBuilder.swift */,
				B88828C420F34B9C005802A4 /* ApiStopBuilder.swift */,
				B88828CC20F354AA005802A4 /* ApiTimetableBuilder.swift */,
				B8F437D220A836A300977CE3 /* FahrplanStationBuilder.swift */,
			);
			path = API;
			sourceTree = "<group>";
		};
		B8056CDD20F86C7B006DA70C /* StationSearch */ = {
			isa = PBXGroup;
			children = (
				B831E83A20AC20B400B951DB /* StationSearchState.swift */,
				B853867020B174BE003FB667 /* StationSearchSideEffects.swift */,
			);
			path = StationSearch;
			sourceTree = "<group>";
		};
		B808238920D4F5970001599E /* Timetables */ = {
			isa = PBXGroup;
			children = (
				B87E3A9C212EAC6B00417470 /* Station */,
				B86A73482114F1D500C38070 /* Changes */,
				B86A73472114F12A00C38070 /* Timetable */,
				B89F54AC20F0F5650070C765 /* TimetablesDecoder.swift */,
				B8B412FA20F3DB7A00003EEB /* TimetablesService.swift */,
			);
			path = Timetables;
			sourceTree = "<group>";
		};
		B82B968320F5E8230018E1F3 /* Timetable */ = {
			isa = PBXGroup;
			children = (
				B8004D1320F65D0E006A1A83 /* Cells */,
				B82B968420F5E84D0018E1F3 /* TimetableViewController.swift */,
				B8849FFA20F7A23A00BCD93A /* TimetableViewStateConverter.swift */,
				B8C797A8212025060096DB33 /* TimetableEventCellConverter.swift */,
				B870B2C320F7A44B002BD34D /* TimetableViewState.swift */,
			);
			path = Timetable;
			sourceTree = "<group>";
		};
		B831E83120AC1EEC00B951DB /* AppState */ = {
			isa = PBXGroup;
			children = (
				B8056CDD20F86C7B006DA70C /* StationSearch */,
				B89DCF3420F7F2CA00DF30C2 /* Timetable */,
				B89DCF2B20F7E85D00DF30C2 /* SceneCoordinator */,
				B831E83220AC1EEC00B951DB /* AppState.swift */,
				B831E83320AC1EEC00B951DB /* SideEffects.swift */,
				B831E83520AC1EEC00B951DB /* AppStateStore.swift */,
			);
			path = AppState;
			sourceTree = "<group>";
		};
		B83BBCA5212C2F7600259114 /* API */ = {
			isa = PBXGroup;
			children = (
				B88828BE20F344A8005802A4 /* TimetableConverterTests.swift */,
				B83BBCA7212C2FAA00259114 /* ChangesConverterTests.swift */,
			);
			path = API;
			sourceTree = "<group>";
		};
		B83BBCA6212C2F8600259114 /* UILayer */ = {
			isa = PBXGroup;
			children = (
				B870B2C520F7A984002BD34D /* TimetableViewStateConverterTests.swift */,
				B8DDCA8421202EFB004F8F35 /* TimetableEventCellConverterTests.swift */,
				B8A9387A20CFCF64007460C6 /* MainScreenViewStateConverterTests.swift */,
				B8AAF49720B97C16000C9ADE /* StationSearchViewStateConverterTests.swift */,
			);
			path = UILayer;
			sourceTree = "<group>";
		};
		B8476862212036A800B82EC0 /* ExtensionsTests */ = {
			isa = PBXGroup;
			children = (
				B8476863212036BE00B82EC0 /* StringExtensionsTests.swift */,
			);
			path = ExtensionsTests;
			sourceTree = "<group>";
		};
		B84AA5B1212174B50010DC56 /* DatePicker */ = {
			isa = PBXGroup;
			children = (
				B84AA5B2212174DC0010DC56 /* DatePickerViewController.swift */,
				B8AAECB12128133A008C5E8D /* DatePickerViewState.swift */,
				B8AAECAF212812D4008C5E8D /* DatePickerViewStateConverter.swift */,
			);
			path = DatePicker;
			sourceTree = "<group>";
		};
		B853867A20B18029003FB667 /* Cells */ = {
			isa = PBXGroup;
			children = (
				B8AAF49020B9764C000C9ADE /* StationCell.swift */,
			);
			path = Cells;
			sourceTree = "<group>";
		};
		B85EE93E20A6D2F500F52C54 /* Fahrplan */ = {
			isa = PBXGroup;
			children = (
				B8F437C920A8305600977CE3 /* ApiStationConverter.swift */,
				B8F437C520A82A9500977CE3 /* FahrplanService.swift */,
				B892CFBA20BAB12000176A15 /* FahrplanStation.swift */,
			);
			path = Fahrplan;
			sourceTree = "<group>";
		};
		B8602DF920A9A922001BEDC2 /* MainScreen */ = {
			isa = PBXGroup;
			children = (
				B8F0AC5F21179AC300E6DA78 /* Views */,
				B8F437E020A84E4400977CE3 /* MainScreenViewController.swift */,
				B8A9387820CFCECC007460C6 /* MainScreenViewStateConverter.swift */,
				B8A9387120CFC9E9007460C6 /* MainScreenViewState.swift */,
			);
			path = MainScreen;
			sourceTree = "<group>";
		};
		B8602DFA20A9A92C001BEDC2 /* StationSearch */ = {
			isa = PBXGroup;
			children = (
				B853867A20B18029003FB667 /* Cells */,
				B853867820B17E04003FB667 /* StationSearchViewState.swift */,
				B8AAF49520B97A9E000C9ADE /* StationSearchViewStateConverter.swift */,
				B8AAF48C20B96CB5000C9ADE /* StationSearchViewController.swift */,
			);
			path = StationSearch;
			sourceTree = "<group>";
		};
		B86A73472114F12A00C38070 /* Timetable */ = {
			isa = PBXGroup;
			children = (
				B81D7CA620F23A6400A4F7BC /* ApiTimetable.swift */,
				B88828C620F34C45005802A4 /* ApiStop.swift */,
				B88828C820F351AE005802A4 /* ApiEvent.swift */,
				B88828CA20F35227005802A4 /* ApiTripLabel.swift */,
			);
			path = Timetable;
			sourceTree = "<group>";
		};
		B86A73482114F1D500C38070 /* Changes */ = {
			isa = PBXGroup;
			children = (
				B86A73492114F1DF00C38070 /* ApiChanges.swift */,
				B86A734B2114F1DF00C38070 /* ApiChangedStop.swift */,
				B86A734A2114F1DF00C38070 /* ApiChangedEvent.swift */,
			);
			path = Changes;
			sourceTree = "<group>";
		};
		B870CE4E215380910022158D /* ToastManager */ = {
			isa = PBXGroup;
			children = (
				B870CE50215380A10022158D /* ToastManager.swift */,
				B870CE4F215380A00022158D /* ToastView.swift */,
			);
			path = ToastManager;
			sourceTree = "<group>";
		};
		B87E3A9C212EAC6B00417470 /* Station */ = {
			isa = PBXGroup;
			children = (
				B87E3A9D212EAC7C00417470 /* ApiStationInfo.swift */,
			);
			path = Station;
			sourceTree = "<group>";
		};
		B88828BD20F3448C005802A4 /* ConvertersTests */ = {
			isa = PBXGroup;
			children = (
				B83BBCA6212C2F8600259114 /* UILayer */,
				B83BBCA5212C2F7600259114 /* API */,
			);
			path = ConvertersTests;
			sourceTree = "<group>";
		};
		B88828CE20F35E52005802A4 /* Formatters */ = {
			isa = PBXGroup;
			children = (
				B88828CF20F35E7F005802A4 /* DateTimeFormatter.swift */,
			);
			path = Formatters;
			sourceTree = "<group>";
		};
		B88828D320F36292005802A4 /* FormattersTests */ = {
			isa = PBXGroup;
			children = (
				B88828D420F362A4005802A4 /* DateTimeFormatterTests.swift */,
			);
			path = FormattersTests;
			sourceTree = "<group>";
		};
		B89C080E210C9BD000A6EE9E /* CommonUI */ = {
			isa = PBXGroup;
			children = (
				B8224EF420BAF07100F9132A /* RoundedView.swift */,
				B8FCC48C20CD7DAB007314ED /* ErrorCell.swift */,
				B892CFBC20BABD8600176A15 /* LoadingCell.swift */,
			);
			path = CommonUI;
			sourceTree = "<group>";
		};
		B89DCF2B20F7E85D00DF30C2 /* SceneCoordinator */ = {
			isa = PBXGroup;
			children = (
				B89DCF2C20F7E87900DF30C2 /* SceneCoordinatorState.swift */,
				B89DCF3220F7F25F00DF30C2 /* PresentationStyle.swift */,
				B89DCF2E20F7EB3900DF30C2 /* SceneCoordinatorSideEffects.swift */,
			);
			path = SceneCoordinator;
			sourceTree = "<group>";
		};
		B89DCF3420F7F2CA00DF30C2 /* Timetable */ = {
			isa = PBXGroup;
			children = (
				B8004D1620F66935006A1A83 /* TimetableState.swift */,
				B80877A420F7BF3500025B18 /* TimetableSideEffects.swift */,
			);
			path = Timetable;
			sourceTree = "<group>";
		};
		B8AAF49220B976A2000C9ADE /* Extensions */ = {
			isa = PBXGroup;
			children = (
				B8AAF49320B976AF000C9ADE /* UITableView+.swift */,
				B892CFBE20BAC39000176A15 /* UIView+.swift */,
				B8DE6E0D210CAD0800F298F3 /* TimeZone+.swift */,
				B81AB5AA2114BA1300D31BFC /* UIApplication+.swift */,
				B85F5446211DD77000C94878 /* String+.swift */,
			);
			path = Extensions;
			sourceTree = "<group>";
		};
		B8AAF49B20B98097000C9ADE /* Utils */ = {
			isa = PBXGroup;
			children = (
				B8AAF48E20B96D2E000C9ADE /* DataDriven.swift */,
				B831E83420AC1EEC00B951DB /* State.swift */,
				B8AAF49920B9808A000C9ADE /* StateStoreBindable.swift */,
				B81D7CA420F238E800A4F7BC /* ViewStateConverter.swift */,
			);
			path = Utils;
			sourceTree = "<group>";
		};
		B8B401B220A5DEF400D25B2C = {
			isa = PBXGroup;
			children = (
				B8B401BD20A5DEF400D25B2C /* DBBrowser */,
				B8B401D220A5DEF500D25B2C /* DBBrowserTests */,
				B8B401BC20A5DEF400D25B2C /* Products */,
				CE33F6913EC3F43670A4B8E5 /* Pods */,
				4918CFC715F9424E5E326596 /* Frameworks */,
			);
			sourceTree = "<group>";
		};
		B8B401BC20A5DEF400D25B2C /* Products */ = {
			isa = PBXGroup;
			children = (
				B8B401BB20A5DEF400D25B2C /* DBBrowser.app */,
				B8B401CF20A5DEF500D25B2C /* DBBrowserTests.xctest */,
			);
			name = Products;
			sourceTree = "<group>";
		};
		B8B401BD20A5DEF400D25B2C /* DBBrowser */ = {
			isa = PBXGroup;
			children = (
				B89C080E210C9BD000A6EE9E /* CommonUI */,
				B88828CE20F35E52005802A4 /* Formatters */,
				B8AAF49220B976A2000C9ADE /* Extensions */,
				B831E83120AC1EEC00B951DB /* AppState */,
				B8AAF49B20B98097000C9ADE /* Utils */,
				B8F437DF20A84E2E00977CE3 /* Scenes */,
				B8F437D620A848E400977CE3 /* SceneCoordinator */,
				B8F437C820A8301F00977CE3 /* Services */,
				B8F437C220A8288C00977CE3 /* Models */,
				B8F437C120A827F800977CE3 /* API */,
				B8B401BE20A5DEF400D25B2C /* AppDelegate.swift */,
				B8B401C220A5DEF400D25B2C /* Main.storyboard */,
				B8B401C520A5DEF500D25B2C /* Assets.xcassets */,
				B8224EF620BAF4A900F9132A /* Localizable.strings */,
				B8224EF820BAF58E00F9132A /* Strings.swift */,
				B8602DF720A99E44001BEDC2 /* Assets.swift */,
				B85F5442211DC3FF00C94878 /* Fonts.swift */,
				B8B401C720A5DEF500D25B2C /* LaunchScreen.storyboard */,
				B8B401CA20A5DEF500D25B2C /* Info.plist */,
			);
			path = DBBrowser;
			sourceTree = "<group>";
		};
		B8B401D220A5DEF500D25B2C /* DBBrowserTests */ = {
			isa = PBXGroup;
			children = (
				B8476862212036A800B82EC0 /* ExtensionsTests */,
				B88828D320F36292005802A4 /* FormattersTests */,
				B88828BD20F3448C005802A4 /* ConvertersTests */,
				B8F1E51820CFE633000F1606 /* ServicesTests */,
				B8F4C6C420B00CF300E62DAE /* AppStateTests */,
				B8F437D120A8365700977CE3 /* Builders */,
				B8F437CE20A8349600977CE3 /* Mocks */,
				B8F437D420A8392100977CE3 /* TestData.swift */,
				B8D22601210F31CA0071B994 /* TestableObserver+.swift */,
				B8F1E51620CFE600000F1606 /* State+ApplyEvents.swift */,
				B807E14D2115A2C400328A6F /* Recorded+Equatable.swift */,
				B8B401D520A5DEF500D25B2C /* Info.plist */,
			);
			path = DBBrowserTests;
			sourceTree = "<group>";
		};
		B8C797AC2120299D0096DB33 /* ViewState */ = {
			isa = PBXGroup;
			children = (
				B8C797AD212029BE0096DB33 /* TimetableEventCellStateBuilder.swift */,
			);
			path = ViewState;
			sourceTree = "<group>";
		};
		B8F0AC5F21179AC300E6DA78 /* Views */ = {
			isa = PBXGroup;
			children = (
				B8E240422117142A009E7861 /* InputField.swift */,
			);
			path = Views;
			sourceTree = "<group>";
		};
		B8F1E51820CFE633000F1606 /* ServicesTests */ = {
			isa = PBXGroup;
			children = (
				B856025020A62FEE00B25893 /* StationFinderTests.swift */,
				B82B967F20F486900018E1F3 /* TimetableLoaderTests.swift */,
				B89F54AF20F0F75F0070C765 /* XMLTimeTableDecoderTests.swift */,
				B83BBCAE212C578500259114 /* ChangesLoaderTests.swift */,
			);
			path = ServicesTests;
			sourceTree = "<group>";
		};
		B8F437C120A827F800977CE3 /* API */ = {
			isa = PBXGroup;
			children = (
				B808238920D4F5970001599E /* Timetables */,
				B85EE93E20A6D2F500F52C54 /* Fahrplan */,
			);
			path = API;
			sourceTree = "<group>";
		};
		B8F437C220A8288C00977CE3 /* Models */ = {
			isa = PBXGroup;
			children = (
				B8F437C320A8298E00977CE3 /* Station.swift */,
				B87E3AA1212EB18700417470 /* StationInfo.swift */,
				B8F4C6C220B005C300E62DAE /* Result.swift */,
				B81D7CA020F236D500A4F7BC /* Timetable.swift */,
				B83BBCA3212BF55000259114 /* Changes.swift */,
				B870B2C720F7AE1D002BD34D /* TimetableLoadParams.swift */,
			);
			path = Models;
			sourceTree = "<group>";
		};
		B8F437C820A8301F00977CE3 /* Services */ = {
			isa = PBXGroup;
			children = (
				B870CE4E215380910022158D /* ToastManager */,
				B8F437CC20A8335C00977CE3 /* StationFinder.swift */,
				B82B967D20F476B80018E1F3 /* TimetableLoader.swift */,
				B83BBCAC212C55E600259114 /* ChangesLoader.swift */,
				B877E2CE213041BD00F939E9 /* StationInfoLoader.swift */,
				B81D7CA220F2387800A4F7BC /* ApiTimetableConverter.swift */,
				B83BBCAA212C419800259114 /* ApiChangesConverter.swift */,
				B87E3A9F212EB14900417470 /* ApiStationInfoConverter.swift */,
			);
			path = Services;
			sourceTree = "<group>";
		};
		B8F437CE20A8349600977CE3 /* Mocks */ = {
			isa = PBXGroup;
			children = (
				B8F437CF20A8354900977CE3 /* FahrplanServiceMock.swift */,
				B853867420B179D8003FB667 /* StationSearchSideEffectsMock.swift */,
				B80877A820F7C21400025B18 /* TimetableSideEffectsMock.swift */,
				B853867620B17B5A003FB667 /* SideEffectsMock.swift */,
				B89DCF3020F7F06300DF30C2 /* SceneCoordinatorSideEffectsMock.swift */,
				B88828D120F36071005802A4 /* DateTimeFormatterMock.swift */,
				B8C797AA212028100096DB33 /* TimetableEventCellConverterMock.swift */,
				B82B968120F489930018E1F3 /* TimetableServiceMock.swift */,
				B8D22603210F33CC0071B994 /* TimetableConverterMock.swift */,
				B83BBCB0212C580800259114 /* ChangesConverterMock.swift */,
				B87E3A98212E935800417470 /* TimetableLoaderMock.swift */,
				B87E3A9A212E949C00417470 /* ChangesLoaderMock.swift */,
				B877E2D021304A1400F939E9 /* StationInfoLoaderMock.swift */,
			);
			path = Mocks;
			sourceTree = "<group>";
		};
		B8F437D120A8365700977CE3 /* Builders */ = {
			isa = PBXGroup;
			children = (
				B8C797AC2120299D0096DB33 /* ViewState */,
				B8004D1B20F66C98006A1A83 /* API */,
				B8F4C6C820B00E7A00E62DAE /* StationBuilder.swift */,
				B877E2D22130581E00F939E9 /* StationInfoBuilder.swift */,
				B8004D1C20F66CCC006A1A83 /* TimetableEventBuilder.swift */,
				B8004D1E20F67D7B006A1A83 /* TimetableBuilder.swift */,
				B83BBCB2212C585000259114 /* ChangesBuilder.swift */,
				B83BBCB4212C587F00259114 /* ChangesEventBuilder.swift */,
			);
			path = Builders;
			sourceTree = "<group>";
		};
		B8F437D620A848E400977CE3 /* SceneCoordinator */ = {
			isa = PBXGroup;
			children = (
				B8F437D720A848FF00977CE3 /* SceneCoordinator.swift */,
				B8F437DD20A84A7D00977CE3 /* Scene.swift */,
			);
			path = SceneCoordinator;
			sourceTree = "<group>";
		};
		B8F437DF20A84E2E00977CE3 /* Scenes */ = {
			isa = PBXGroup;
			children = (
				B84AA5B1212174B50010DC56 /* DatePicker */,
				B82B968320F5E8230018E1F3 /* Timetable */,
				B8602DFA20A9A92C001BEDC2 /* StationSearch */,
				B8602DF920A9A922001BEDC2 /* MainScreen */,
			);
			path = Scenes;
			sourceTree = "<group>";
		};
		B8F4C6C420B00CF300E62DAE /* AppStateTests */ = {
			isa = PBXGroup;
			children = (
				B8004D1820F66C30006A1A83 /* Timetable */,
				B8F4C6C520B00CFC00E62DAE /* StationSearch */,
			);
			path = AppStateTests;
			sourceTree = "<group>";
		};
		B8F4C6C520B00CFC00E62DAE /* StationSearch */ = {
			isa = PBXGroup;
			children = (
				B8F4C6C620B00D2400E62DAE /* StationSearchReducerTests.swift */,
				B8F4C6CA20B0119F00E62DAE /* StationSearchQueriesTests.swift */,
				B853867220B1792D003FB667 /* StationSearchEffectsInvocationsTests.swift */,
			);
			path = StationSearch;
			sourceTree = "<group>";
		};
		CE33F6913EC3F43670A4B8E5 /* Pods */ = {
			isa = PBXGroup;
			children = (
				743F4F135F95FD863073017E /* Pods-DBBrowser.debug.xcconfig */,
				97BE5DEBE833B39A2AFFC9DF /* Pods-DBBrowser.release.xcconfig */,
				A3C4C3F158909093F7EA27B4 /* Pods-DBBrowserTests.debug.xcconfig */,
				63CDD8A4D06EB52BD8B536DE /* Pods-DBBrowserTests.release.xcconfig */,
			);
			name = Pods;
			sourceTree = "<group>";
		};
/* End PBXGroup section */

/* Begin PBXNativeTarget section */
		B8B401BA20A5DEF400D25B2C /* DBBrowser */ = {
			isa = PBXNativeTarget;
			buildConfigurationList = B8B401D820A5DEF500D25B2C /* Build configuration list for PBXNativeTarget "DBBrowser" */;
			buildPhases = (
				E0B82DA9F5C324E8F0AF207C /* [CP] Check Pods Manifest.lock */,
				B8602DF620A99DB0001BEDC2 /* SwiftGen */,
				B8B401B720A5DEF400D25B2C /* Sources */,
				B8B401B820A5DEF400D25B2C /* Frameworks */,
				B8B401B920A5DEF400D25B2C /* Resources */,
				0F941C136416B0C20FED8BA8 /* [CP] Embed Pods Frameworks */,
				B8004D2020F680F6006A1A83 /* SwiftLint */,
			);
			buildRules = (
			);
			dependencies = (
			);
			name = DBBrowser;
			productName = DBBrowser;
			productReference = B8B401BB20A5DEF400D25B2C /* DBBrowser.app */;
			productType = "com.apple.product-type.application";
		};
		B8B401CE20A5DEF500D25B2C /* DBBrowserTests */ = {
			isa = PBXNativeTarget;
			buildConfigurationList = B8B401DB20A5DEF500D25B2C /* Build configuration list for PBXNativeTarget "DBBrowserTests" */;
			buildPhases = (
				8B2B2B82B0A743C3D64B5F34 /* [CP] Check Pods Manifest.lock */,
				B8B401CB20A5DEF500D25B2C /* Sources */,
				B8B401CC20A5DEF500D25B2C /* Frameworks */,
				B8B401CD20A5DEF500D25B2C /* Resources */,
				5472A62ECA27416F613741F1 /* [CP] Embed Pods Frameworks */,
			);
			buildRules = (
			);
			dependencies = (
				B8B401D120A5DEF500D25B2C /* PBXTargetDependency */,
			);
			name = DBBrowserTests;
			productName = DBBrowserTests;
			productReference = B8B401CF20A5DEF500D25B2C /* DBBrowserTests.xctest */;
			productType = "com.apple.product-type.bundle.unit-test";
		};
/* End PBXNativeTarget section */

/* Begin PBXProject section */
		B8B401B320A5DEF400D25B2C /* Project object */ = {
			isa = PBXProject;
			attributes = {
				LastSwiftUpdateCheck = 0930;
				LastUpgradeCheck = 0930;
				ORGANIZATIONNAME = AlexShubin;
				TargetAttributes = {
					B8B401BA20A5DEF400D25B2C = {
						CreatedOnToolsVersion = 9.3;
					};
					B8B401CE20A5DEF500D25B2C = {
						CreatedOnToolsVersion = 9.3;
						LastSwiftMigration = 0930;
						TestTargetID = B8B401BA20A5DEF400D25B2C;
					};
				};
			};
			buildConfigurationList = B8B401B620A5DEF400D25B2C /* Build configuration list for PBXProject "DBBrowser" */;
			compatibilityVersion = "Xcode 9.3";
			developmentRegion = en;
			hasScannedForEncodings = 0;
			knownRegions = (
				en,
				Base,
			);
			mainGroup = B8B401B220A5DEF400D25B2C;
			productRefGroup = B8B401BC20A5DEF400D25B2C /* Products */;
			projectDirPath = "";
			projectRoot = "";
			targets = (
				B8B401BA20A5DEF400D25B2C /* DBBrowser */,
				B8B401CE20A5DEF500D25B2C /* DBBrowserTests */,
			);
		};
/* End PBXProject section */

/* Begin PBXResourcesBuildPhase section */
		B8B401B920A5DEF400D25B2C /* Resources */ = {
			isa = PBXResourcesBuildPhase;
			buildActionMask = 2147483647;
			files = (
				B8B401C920A5DEF500D25B2C /* LaunchScreen.storyboard in Resources */,
				B8224EF720BAF4A900F9132A /* Localizable.strings in Resources */,
				B8B401C620A5DEF500D25B2C /* Assets.xcassets in Resources */,
				B8B401C420A5DEF400D25B2C /* Main.storyboard in Resources */,
			);
			runOnlyForDeploymentPostprocessing = 0;
		};
		B8B401CD20A5DEF500D25B2C /* Resources */ = {
			isa = PBXResourcesBuildPhase;
			buildActionMask = 2147483647;
			files = (
			);
			runOnlyForDeploymentPostprocessing = 0;
		};
/* End PBXResourcesBuildPhase section */

/* Begin PBXShellScriptBuildPhase section */
		0F941C136416B0C20FED8BA8 /* [CP] Embed Pods Frameworks */ = {
			isa = PBXShellScriptBuildPhase;
			buildActionMask = 2147483647;
			files = (
			);
			inputPaths = (
				"${SRCROOT}/Pods/Target Support Files/Pods-DBBrowser/Pods-DBBrowser-frameworks.sh",
				"${BUILT_PRODUCTS_DIR}/Differentiator/Differentiator.framework",
				"${BUILT_PRODUCTS_DIR}/RxCocoa/RxCocoa.framework",
				"${BUILT_PRODUCTS_DIR}/RxDataSources/RxDataSources.framework",
				"${BUILT_PRODUCTS_DIR}/RxFeedback/RxFeedback.framework",
				"${BUILT_PRODUCTS_DIR}/RxKeyboard/RxKeyboard.framework",
				"${BUILT_PRODUCTS_DIR}/RxOptional/RxOptional.framework",
				"${BUILT_PRODUCTS_DIR}/RxSwift/RxSwift.framework",
				"${BUILT_PRODUCTS_DIR}/SWXMLHash/SWXMLHash.framework",
			);
			name = "[CP] Embed Pods Frameworks";
			outputPaths = (
				"${TARGET_BUILD_DIR}/${FRAMEWORKS_FOLDER_PATH}/Differentiator.framework",
				"${TARGET_BUILD_DIR}/${FRAMEWORKS_FOLDER_PATH}/RxCocoa.framework",
				"${TARGET_BUILD_DIR}/${FRAMEWORKS_FOLDER_PATH}/RxDataSources.framework",
				"${TARGET_BUILD_DIR}/${FRAMEWORKS_FOLDER_PATH}/RxFeedback.framework",
				"${TARGET_BUILD_DIR}/${FRAMEWORKS_FOLDER_PATH}/RxKeyboard.framework",
				"${TARGET_BUILD_DIR}/${FRAMEWORKS_FOLDER_PATH}/RxOptional.framework",
				"${TARGET_BUILD_DIR}/${FRAMEWORKS_FOLDER_PATH}/RxSwift.framework",
				"${TARGET_BUILD_DIR}/${FRAMEWORKS_FOLDER_PATH}/SWXMLHash.framework",
			);
			runOnlyForDeploymentPostprocessing = 0;
			shellPath = /bin/sh;
			shellScript = "\"${SRCROOT}/Pods/Target Support Files/Pods-DBBrowser/Pods-DBBrowser-frameworks.sh\"\n";
			showEnvVarsInLog = 0;
		};
		5472A62ECA27416F613741F1 /* [CP] Embed Pods Frameworks */ = {
			isa = PBXShellScriptBuildPhase;
			buildActionMask = 2147483647;
			files = (
			);
			inputPaths = (
				"${SRCROOT}/Pods/Target Support Files/Pods-DBBrowserTests/Pods-DBBrowserTests-frameworks.sh",
				"${BUILT_PRODUCTS_DIR}/Differentiator/Differentiator.framework",
				"${BUILT_PRODUCTS_DIR}/RxCocoa/RxCocoa.framework",
				"${BUILT_PRODUCTS_DIR}/RxDataSources/RxDataSources.framework",
				"${BUILT_PRODUCTS_DIR}/RxSwift/RxSwift.framework",
				"${BUILT_PRODUCTS_DIR}/RxTest/RxTest.framework",
			);
			name = "[CP] Embed Pods Frameworks";
			outputPaths = (
				"${TARGET_BUILD_DIR}/${FRAMEWORKS_FOLDER_PATH}/Differentiator.framework",
				"${TARGET_BUILD_DIR}/${FRAMEWORKS_FOLDER_PATH}/RxCocoa.framework",
				"${TARGET_BUILD_DIR}/${FRAMEWORKS_FOLDER_PATH}/RxDataSources.framework",
				"${TARGET_BUILD_DIR}/${FRAMEWORKS_FOLDER_PATH}/RxSwift.framework",
				"${TARGET_BUILD_DIR}/${FRAMEWORKS_FOLDER_PATH}/RxTest.framework",
			);
			runOnlyForDeploymentPostprocessing = 0;
			shellPath = /bin/sh;
			shellScript = "\"${SRCROOT}/Pods/Target Support Files/Pods-DBBrowserTests/Pods-DBBrowserTests-frameworks.sh\"\n";
			showEnvVarsInLog = 0;
		};
		8B2B2B82B0A743C3D64B5F34 /* [CP] Check Pods Manifest.lock */ = {
			isa = PBXShellScriptBuildPhase;
			buildActionMask = 2147483647;
			files = (
			);
			inputPaths = (
				"${PODS_PODFILE_DIR_PATH}/Podfile.lock",
				"${PODS_ROOT}/Manifest.lock",
			);
			name = "[CP] Check Pods Manifest.lock";
			outputPaths = (
				"$(DERIVED_FILE_DIR)/Pods-DBBrowserTests-checkManifestLockResult.txt",
			);
			runOnlyForDeploymentPostprocessing = 0;
			shellPath = /bin/sh;
			shellScript = "diff \"${PODS_PODFILE_DIR_PATH}/Podfile.lock\" \"${PODS_ROOT}/Manifest.lock\" > /dev/null\nif [ $? != 0 ] ; then\n    # print error to STDERR\n    echo \"error: The sandbox is not in sync with the Podfile.lock. Run 'pod install' or update your CocoaPods installation.\" >&2\n    exit 1\nfi\n# This output is used by Xcode 'outputs' to avoid re-running this script phase.\necho \"SUCCESS\" > \"${SCRIPT_OUTPUT_FILE_0}\"\n";
			showEnvVarsInLog = 0;
		};
		B8004D2020F680F6006A1A83 /* SwiftLint */ = {
			isa = PBXShellScriptBuildPhase;
			buildActionMask = 2147483647;
			files = (
			);
			inputPaths = (
			);
			name = SwiftLint;
			outputPaths = (
			);
			runOnlyForDeploymentPostprocessing = 0;
			shellPath = /bin/sh;
			shellScript = "${PODS_ROOT}/SwiftLint/swiftlint autocorrect\n${PODS_ROOT}/SwiftLint/swiftlint";
		};
		B8602DF620A99DB0001BEDC2 /* SwiftGen */ = {
			isa = PBXShellScriptBuildPhase;
			buildActionMask = 2147483647;
			files = (
			);
			inputPaths = (
			);
			name = SwiftGen;
			outputPaths = (
			);
			runOnlyForDeploymentPostprocessing = 0;
			shellPath = /bin/sh;
			shellScript = "$PODS_ROOT/SwiftGen/bin/swiftgen xcassets -o $TARGET_NAME/Assets.swift -t swift4 $TARGET_NAME/Assets.xcassets\n$PODS_ROOT/SwiftGen/bin/swiftgen strings -t structured-swift4 $TARGET_NAME/Localizable.strings -o $TARGET_NAME/Strings.swift";
		};
		E0B82DA9F5C324E8F0AF207C /* [CP] Check Pods Manifest.lock */ = {
			isa = PBXShellScriptBuildPhase;
			buildActionMask = 2147483647;
			files = (
			);
			inputPaths = (
				"${PODS_PODFILE_DIR_PATH}/Podfile.lock",
				"${PODS_ROOT}/Manifest.lock",
			);
			name = "[CP] Check Pods Manifest.lock";
			outputPaths = (
				"$(DERIVED_FILE_DIR)/Pods-DBBrowser-checkManifestLockResult.txt",
			);
			runOnlyForDeploymentPostprocessing = 0;
			shellPath = /bin/sh;
			shellScript = "diff \"${PODS_PODFILE_DIR_PATH}/Podfile.lock\" \"${PODS_ROOT}/Manifest.lock\" > /dev/null\nif [ $? != 0 ] ; then\n    # print error to STDERR\n    echo \"error: The sandbox is not in sync with the Podfile.lock. Run 'pod install' or update your CocoaPods installation.\" >&2\n    exit 1\nfi\n# This output is used by Xcode 'outputs' to avoid re-running this script phase.\necho \"SUCCESS\" > \"${SCRIPT_OUTPUT_FILE_0}\"\n";
			showEnvVarsInLog = 0;
		};
/* End PBXShellScriptBuildPhase section */

/* Begin PBXSourcesBuildPhase section */
		B8B401B720A5DEF400D25B2C /* Sources */ = {
			isa = PBXSourcesBuildPhase;
			buildActionMask = 2147483647;
			files = (
				B870B2C420F7A44B002BD34D /* TimetableViewState.swift in Sources */,
				B8F4C6C320B005C300E62DAE /* Result.swift in Sources */,
				B81D7CA120F236D500A4F7BC /* Timetable.swift in Sources */,
				B81D7CA320F2387800A4F7BC /* ApiTimetableConverter.swift in Sources */,
				B83BBCAD212C55E600259114 /* ChangesLoader.swift in Sources */,
				B8AAECB22128133A008C5E8D /* DatePickerViewState.swift in Sources */,
				B88828C720F34C45005802A4 /* ApiStop.swift in Sources */,
				B8C797A9212025060096DB33 /* TimetableEventCellConverter.swift in Sources */,
				B8602DF820A99E44001BEDC2 /* Assets.swift in Sources */,
				B892CFBB20BAB12000176A15 /* FahrplanStation.swift in Sources */,
				B85F5443211DC3FF00C94878 /* Fonts.swift in Sources */,
				B84AA5B3212174DC0010DC56 /* DatePickerViewController.swift in Sources */,
				B8F437DE20A84A7D00977CE3 /* Scene.swift in Sources */,
				B85F5445211DCDD100C94878 /* TimetableStationNameView.swift in Sources */,
				B8A9387220CFC9E9007460C6 /* MainScreenViewState.swift in Sources */,
				B89DCF2D20F7E9FD00DF30C2 /* SceneCoordinatorState.swift in Sources */,
				B86A734D2114FA2B00C38070 /* ApiChanges.swift in Sources */,
				B8F437C620A82A9500977CE3 /* FahrplanService.swift in Sources */,
				B831E83B20AC20B400B951DB /* StationSearchState.swift in Sources */,
				B89DCF3320F7F25F00DF30C2 /* PresentationStyle.swift in Sources */,
				B87E3A9E212EAC7C00417470 /* ApiStationInfo.swift in Sources */,
				B81AB5AB2114BA1300D31BFC /* UIApplication+.swift in Sources */,
				B8F437C420A8298E00977CE3 /* Station.swift in Sources */,
				B83BBCA4212BF55000259114 /* Changes.swift in Sources */,
				B8224EF520BAF07100F9132A /* RoundedView.swift in Sources */,
				B8AAF49620B97A9E000C9ADE /* StationSearchViewStateConverter.swift in Sources */,
				B8B401BF20A5DEF400D25B2C /* AppDelegate.swift in Sources */,
				B81D7CA520F238E800A4F7BC /* ViewStateConverter.swift in Sources */,
				B8224EF920BAF58E00F9132A /* Strings.swift in Sources */,
				B8AAF49420B9787F000C9ADE /* UITableView+.swift in Sources */,
				B81D7CA720F23A6400A4F7BC /* ApiTimetable.swift in Sources */,
				B892CFBD20BABD8600176A15 /* LoadingCell.swift in Sources */,
				B82B968520F5E84D0018E1F3 /* TimetableViewController.swift in Sources */,
				B86A734C2114FA2600C38070 /* ApiChangedStop.swift in Sources */,
				B85F5441211DC19200C94878 /* TimetableTopDataView.swift in Sources */,
				B8F437CD20A8335C00977CE3 /* StationFinder.swift in Sources */,
				B831E83820AC1EEC00B951DB /* State.swift in Sources */,
				B88828D020F35E7F005802A4 /* DateTimeFormatter.swift in Sources */,
				B853867920B17E04003FB667 /* StationSearchViewState.swift in Sources */,
				B853867120B174BE003FB667 /* StationSearchSideEffects.swift in Sources */,
				B8E240432117142A009E7861 /* InputField.swift in Sources */,
				B8F437D820A848FF00977CE3 /* SceneCoordinator.swift in Sources */,
				B8004D1520F65D20006A1A83 /* TimetableEventCell.swift in Sources */,
				B89DCF2F20F7EB3900DF30C2 /* SceneCoordinatorSideEffects.swift in Sources */,
				B83BBCAB212C419800259114 /* ApiChangesConverter.swift in Sources */,
				B8FCC48D20CD7DAC007314ED /* ErrorCell.swift in Sources */,
				B831E83720AC1EEC00B951DB /* SideEffects.swift in Sources */,
				B870CE52215380A10022158D /* ToastManager.swift in Sources */,
				B870B2C820F7AE1D002BD34D /* TimetableLoadParams.swift in Sources */,
				B8F437E120A84E4400977CE3 /* MainScreenViewController.swift in Sources */,
				B89F54AD20F0F5650070C765 /* TimetablesDecoder.swift in Sources */,
				B831E83620AC1EEC00B951DB /* AppState.swift in Sources */,
				B82B967E20F476B80018E1F3 /* TimetableLoader.swift in Sources */,
				B86A734E2114FA2B00C38070 /* ApiChangedEvent.swift in Sources */,
				B8AAF48D20B96CB5000C9ADE /* StationSearchViewController.swift in Sources */,
				B88828C920F351AE005802A4 /* ApiEvent.swift in Sources */,
				B8AAF49120B9764C000C9ADE /* StationCell.swift in Sources */,
				B87E3AA2212EB18700417470 /* StationInfo.swift in Sources */,
				B831E83920AC1EEC00B951DB /* AppStateStore.swift in Sources */,
				B8E9CF79211092A600528954 /* TimetableMoreCell.swift in Sources */,
				B80877A520F7BF3500025B18 /* TimetableSideEffects.swift in Sources */,
				B892CFBF20BAC39000176A15 /* UIView+.swift in Sources */,
				B8849FFB20F7A23A00BCD93A /* TimetableViewStateConverter.swift in Sources */,
				B88828CB20F35227005802A4 /* ApiTripLabel.swift in Sources */,
				B8AAF48F20B96D2E000C9ADE /* DataDriven.swift in Sources */,
				B870CE51215380A10022158D /* ToastView.swift in Sources */,
				B8DE6E0E210CAD0800F298F3 /* TimeZone+.swift in Sources */,
				B87E3AA0212EB14900417470 /* ApiStationInfoConverter.swift in Sources */,
				B8B412FB20F3DB7A00003EEB /* TimetablesService.swift in Sources */,
				B8004D1720F66935006A1A83 /* TimetableState.swift in Sources */,
				B8A9387920CFCECC007460C6 /* MainScreenViewStateConverter.swift in Sources */,
				B8AAECB0212812D5008C5E8D /* DatePickerViewStateConverter.swift in Sources */,
				B85F5447211DD77000C94878 /* String+.swift in Sources */,
				B877E2CF213041BD00F939E9 /* StationInfoLoader.swift in Sources */,
				B8F437CA20A8305600977CE3 /* ApiStationConverter.swift in Sources */,
				B8AAF49A20B9808A000C9ADE /* StateStoreBindable.swift in Sources */,
			);
			runOnlyForDeploymentPostprocessing = 0;
		};
		B8B401CB20A5DEF500D25B2C /* Sources */ = {
			isa = PBXSourcesBuildPhase;
			buildActionMask = 2147483647;
			files = (
				B8F4C6C920B00E7A00E62DAE /* StationBuilder.swift in Sources */,
				B83BBCB3212C585000259114 /* ChangesBuilder.swift in Sources */,
				B88828D520F362A4005802A4 /* DateTimeFormatterTests.swift in Sources */,
				B870B2C620F7A984002BD34D /* TimetableViewStateConverterTests.swift in Sources */,
				B89F54B020F0F75F0070C765 /* XMLTimeTableDecoderTests.swift in Sources */,
				B8F4C6C720B00D2400E62DAE /* StationSearchReducerTests.swift in Sources */,
				B8F4C6CB20B0119F00E62DAE /* StationSearchQueriesTests.swift in Sources */,
				B80877A720F7C1EE00025B18 /* TimetableEffectsInvocationsTests.swift in Sources */,
				B83BBCB1212C580800259114 /* ChangesConverterMock.swift in Sources */,
				B87E3A97212E92EF00417470 /* TimetableSideEffectsTests.swift in Sources */,
				B87E3A9B212E949C00417470 /* ChangesLoaderMock.swift in Sources */,
				B807037621158DAC0079570C /* ApiChangedEventBuilder.swift in Sources */,
				B877E2D32130581E00F939E9 /* StationInfoBuilder.swift in Sources */,
				B8C797AB212028100096DB33 /* TimetableEventCellConverterMock.swift in Sources */,
				B8F437D320A836A300977CE3 /* FahrplanStationBuilder.swift in Sources */,
				B8004D1D20F66CCC006A1A83 /* TimetableEventBuilder.swift in Sources */,
				B856025120A62FEE00B25893 /* StationFinderTests.swift in Sources */,
				B82B968020F486900018E1F3 /* TimetableLoaderTests.swift in Sources */,
				B853867520B179D8003FB667 /* StationSearchSideEffectsMock.swift in Sources */,
				B853867320B1792D003FB667 /* StationSearchEffectsInvocationsTests.swift in Sources */,
				B88828D220F36071005802A4 /* DateTimeFormatterMock.swift in Sources */,
				B87E3A99212E935800417470 /* TimetableLoaderMock.swift in Sources */,
				B853867720B17B5A003FB667 /* SideEffectsMock.swift in Sources */,
				B8F437D020A8354900977CE3 /* FahrplanServiceMock.swift in Sources */,
				B83BBCAF212C578500259114 /* ChangesLoaderTests.swift in Sources */,
				B88828C320F348AA005802A4 /* ApiTripLabelBuilder.swift in Sources */,
				B8A9387B20CFCF64007460C6 /* MainScreenViewStateConverterTests.swift in Sources */,
				B88828C120F34514005802A4 /* ApiEventBuilder.swift in Sources */,
				B82B968220F489930018E1F3 /* TimetableServiceMock.swift in Sources */,
				B80877A920F7C21400025B18 /* TimetableSideEffectsMock.swift in Sources */,
				B877E2D121304A1400F939E9 /* StationInfoLoaderMock.swift in Sources */,
				B88828C520F34B9C005802A4 /* ApiStopBuilder.swift in Sources */,
				B83BBCB5212C587F00259114 /* ChangesEventBuilder.swift in Sources */,
				B8476864212036BE00B82EC0 /* StringExtensionsTests.swift in Sources */,
				B83BBCA8212C2FAA00259114 /* ChangesConverterTests.swift in Sources */,
				B88828CD20F354AA005802A4 /* ApiTimetableBuilder.swift in Sources */,
				B8004D1A20F66C54006A1A83 /* TimetableReducerTests.swift in Sources */,
				B8D22604210F33CC0071B994 /* TimetableConverterMock.swift in Sources */,
				B8D22602210F31CB0071B994 /* TestableObserver+.swift in Sources */,
				B8AAF49820B97C16000C9ADE /* StationSearchViewStateConverterTests.swift in Sources */,
				B88828BF20F344A8005802A4 /* TimetableConverterTests.swift in Sources */,
				B80877A320F7BDB000025B18 /* TimetableQueriesTests.swift in Sources */,
				B8C797AE212029BE0096DB33 /* TimetableEventCellStateBuilder.swift in Sources */,
				B807037421158DA10079570C /* ApiChangedStopBuilder.swift in Sources */,
				B8DDCA8521202EFB004F8F35 /* TimetableEventCellConverterTests.swift in Sources */,
				B807037221158D5F0079570C /* ApiChangesBuilder.swift in Sources */,
				B89DCF3120F7F06300DF30C2 /* SceneCoordinatorSideEffectsMock.swift in Sources */,
				B8004D1F20F67D7B006A1A83 /* TimetableBuilder.swift in Sources */,
				B8F1E51720CFE600000F1606 /* State+ApplyEvents.swift in Sources */,
				B807E14E2115A2C400328A6F /* Recorded+Equatable.swift in Sources */,
				B8F437D520A8392100977CE3 /* TestData.swift in Sources */,
			);
			runOnlyForDeploymentPostprocessing = 0;
		};
/* End PBXSourcesBuildPhase section */

/* Begin PBXTargetDependency section */
		B8B401D120A5DEF500D25B2C /* PBXTargetDependency */ = {
			isa = PBXTargetDependency;
			target = B8B401BA20A5DEF400D25B2C /* DBBrowser */;
			targetProxy = B8B401D020A5DEF500D25B2C /* PBXContainerItemProxy */;
		};
/* End PBXTargetDependency section */

/* Begin PBXVariantGroup section */
		B8B401C220A5DEF400D25B2C /* Main.storyboard */ = {
			isa = PBXVariantGroup;
			children = (
				B8B401C320A5DEF400D25B2C /* Base */,
			);
			name = Main.storyboard;
			sourceTree = "<group>";
		};
		B8B401C720A5DEF500D25B2C /* LaunchScreen.storyboard */ = {
			isa = PBXVariantGroup;
			children = (
				B8B401C820A5DEF500D25B2C /* Base */,
			);
			name = LaunchScreen.storyboard;
			sourceTree = "<group>";
		};
/* End PBXVariantGroup section */

/* Begin XCBuildConfiguration section */
		B8B401D620A5DEF500D25B2C /* Debug */ = {
			isa = XCBuildConfiguration;
			buildSettings = {
				ALWAYS_SEARCH_USER_PATHS = NO;
				CLANG_ANALYZER_NONNULL = YES;
				CLANG_ANALYZER_NUMBER_OBJECT_CONVERSION = YES_AGGRESSIVE;
				CLANG_CXX_LANGUAGE_STANDARD = "gnu++14";
				CLANG_CXX_LIBRARY = "libc++";
				CLANG_ENABLE_MODULES = YES;
				CLANG_ENABLE_OBJC_ARC = YES;
				CLANG_ENABLE_OBJC_WEAK = YES;
				CLANG_WARN_BLOCK_CAPTURE_AUTORELEASING = YES;
				CLANG_WARN_BOOL_CONVERSION = YES;
				CLANG_WARN_COMMA = YES;
				CLANG_WARN_CONSTANT_CONVERSION = YES;
				CLANG_WARN_DEPRECATED_OBJC_IMPLEMENTATIONS = YES;
				CLANG_WARN_DIRECT_OBJC_ISA_USAGE = YES_ERROR;
				CLANG_WARN_DOCUMENTATION_COMMENTS = YES;
				CLANG_WARN_EMPTY_BODY = YES;
				CLANG_WARN_ENUM_CONVERSION = YES;
				CLANG_WARN_INFINITE_RECURSION = YES;
				CLANG_WARN_INT_CONVERSION = YES;
				CLANG_WARN_NON_LITERAL_NULL_CONVERSION = YES;
				CLANG_WARN_OBJC_IMPLICIT_RETAIN_SELF = YES;
				CLANG_WARN_OBJC_LITERAL_CONVERSION = YES;
				CLANG_WARN_OBJC_ROOT_CLASS = YES_ERROR;
				CLANG_WARN_RANGE_LOOP_ANALYSIS = YES;
				CLANG_WARN_STRICT_PROTOTYPES = YES;
				CLANG_WARN_SUSPICIOUS_MOVE = YES;
				CLANG_WARN_UNGUARDED_AVAILABILITY = YES_AGGRESSIVE;
				CLANG_WARN_UNREACHABLE_CODE = YES;
				CLANG_WARN__DUPLICATE_METHOD_MATCH = YES;
				CODE_SIGN_IDENTITY = "iPhone Developer";
				COPY_PHASE_STRIP = NO;
				DEBUG_INFORMATION_FORMAT = dwarf;
				ENABLE_STRICT_OBJC_MSGSEND = YES;
				ENABLE_TESTABILITY = YES;
				GCC_C_LANGUAGE_STANDARD = gnu11;
				GCC_DYNAMIC_NO_PIC = NO;
				GCC_NO_COMMON_BLOCKS = YES;
				GCC_OPTIMIZATION_LEVEL = 0;
				GCC_PREPROCESSOR_DEFINITIONS = (
					"DEBUG=1",
					"$(inherited)",
				);
				GCC_WARN_64_TO_32_BIT_CONVERSION = YES;
				GCC_WARN_ABOUT_RETURN_TYPE = YES_ERROR;
				GCC_WARN_UNDECLARED_SELECTOR = YES;
				GCC_WARN_UNINITIALIZED_AUTOS = YES_AGGRESSIVE;
				GCC_WARN_UNUSED_FUNCTION = YES;
				GCC_WARN_UNUSED_VARIABLE = YES;
				IPHONEOS_DEPLOYMENT_TARGET = 11.0;
				MTL_ENABLE_DEBUG_INFO = YES;
				ONLY_ACTIVE_ARCH = YES;
				SDKROOT = iphoneos;
				SWIFT_ACTIVE_COMPILATION_CONDITIONS = DEBUG;
				SWIFT_OPTIMIZATION_LEVEL = "-Onone";
			};
			name = Debug;
		};
		B8B401D720A5DEF500D25B2C /* Release */ = {
			isa = XCBuildConfiguration;
			buildSettings = {
				ALWAYS_SEARCH_USER_PATHS = NO;
				CLANG_ANALYZER_NONNULL = YES;
				CLANG_ANALYZER_NUMBER_OBJECT_CONVERSION = YES_AGGRESSIVE;
				CLANG_CXX_LANGUAGE_STANDARD = "gnu++14";
				CLANG_CXX_LIBRARY = "libc++";
				CLANG_ENABLE_MODULES = YES;
				CLANG_ENABLE_OBJC_ARC = YES;
				CLANG_ENABLE_OBJC_WEAK = YES;
				CLANG_WARN_BLOCK_CAPTURE_AUTORELEASING = YES;
				CLANG_WARN_BOOL_CONVERSION = YES;
				CLANG_WARN_COMMA = YES;
				CLANG_WARN_CONSTANT_CONVERSION = YES;
				CLANG_WARN_DEPRECATED_OBJC_IMPLEMENTATIONS = YES;
				CLANG_WARN_DIRECT_OBJC_ISA_USAGE = YES_ERROR;
				CLANG_WARN_DOCUMENTATION_COMMENTS = YES;
				CLANG_WARN_EMPTY_BODY = YES;
				CLANG_WARN_ENUM_CONVERSION = YES;
				CLANG_WARN_INFINITE_RECURSION = YES;
				CLANG_WARN_INT_CONVERSION = YES;
				CLANG_WARN_NON_LITERAL_NULL_CONVERSION = YES;
				CLANG_WARN_OBJC_IMPLICIT_RETAIN_SELF = YES;
				CLANG_WARN_OBJC_LITERAL_CONVERSION = YES;
				CLANG_WARN_OBJC_ROOT_CLASS = YES_ERROR;
				CLANG_WARN_RANGE_LOOP_ANALYSIS = YES;
				CLANG_WARN_STRICT_PROTOTYPES = YES;
				CLANG_WARN_SUSPICIOUS_MOVE = YES;
				CLANG_WARN_UNGUARDED_AVAILABILITY = YES_AGGRESSIVE;
				CLANG_WARN_UNREACHABLE_CODE = YES;
				CLANG_WARN__DUPLICATE_METHOD_MATCH = YES;
				CODE_SIGN_IDENTITY = "iPhone Developer";
				COPY_PHASE_STRIP = NO;
				DEBUG_INFORMATION_FORMAT = "dwarf-with-dsym";
				ENABLE_NS_ASSERTIONS = NO;
				ENABLE_STRICT_OBJC_MSGSEND = YES;
				GCC_C_LANGUAGE_STANDARD = gnu11;
				GCC_NO_COMMON_BLOCKS = YES;
				GCC_WARN_64_TO_32_BIT_CONVERSION = YES;
				GCC_WARN_ABOUT_RETURN_TYPE = YES_ERROR;
				GCC_WARN_UNDECLARED_SELECTOR = YES;
				GCC_WARN_UNINITIALIZED_AUTOS = YES_AGGRESSIVE;
				GCC_WARN_UNUSED_FUNCTION = YES;
				GCC_WARN_UNUSED_VARIABLE = YES;
				IPHONEOS_DEPLOYMENT_TARGET = 11.0;
				MTL_ENABLE_DEBUG_INFO = NO;
				SDKROOT = iphoneos;
				SWIFT_COMPILATION_MODE = wholemodule;
				SWIFT_OPTIMIZATION_LEVEL = "-O";
				VALIDATE_PRODUCT = YES;
			};
			name = Release;
		};
		B8B401D920A5DEF500D25B2C /* Debug */ = {
			isa = XCBuildConfiguration;
			baseConfigurationReference = 743F4F135F95FD863073017E /* Pods-DBBrowser.debug.xcconfig */;
			buildSettings = {
				ASSETCATALOG_COMPILER_APPICON_NAME = AppIcon;
				CODE_SIGN_STYLE = Automatic;
				DEVELOPMENT_TEAM = RBNKHS73S3;
				INFOPLIST_FILE = DBBrowser/Info.plist;
				IPHONEOS_DEPLOYMENT_TARGET = 11.0;
				LD_RUNPATH_SEARCH_PATHS = (
					"$(inherited)",
					"@executable_path/Frameworks",
				);
				PRODUCT_BUNDLE_IDENTIFIER = com.avs.DBBrowser;
				PRODUCT_NAME = "$(TARGET_NAME)";
				SWIFT_VERSION = 4.0;
				TARGETED_DEVICE_FAMILY = 1;
			};
			name = Debug;
		};
		B8B401DA20A5DEF500D25B2C /* Release */ = {
			isa = XCBuildConfiguration;
			baseConfigurationReference = 97BE5DEBE833B39A2AFFC9DF /* Pods-DBBrowser.release.xcconfig */;
			buildSettings = {
				ASSETCATALOG_COMPILER_APPICON_NAME = AppIcon;
				CODE_SIGN_STYLE = Automatic;
				DEVELOPMENT_TEAM = RBNKHS73S3;
				INFOPLIST_FILE = DBBrowser/Info.plist;
				IPHONEOS_DEPLOYMENT_TARGET = 11.0;
				LD_RUNPATH_SEARCH_PATHS = (
					"$(inherited)",
					"@executable_path/Frameworks",
				);
				PRODUCT_BUNDLE_IDENTIFIER = com.avs.DBBrowser;
				PRODUCT_NAME = "$(TARGET_NAME)";
				SWIFT_VERSION = 4.0;
				TARGETED_DEVICE_FAMILY = 1;
			};
			name = Release;
		};
		B8B401DC20A5DEF500D25B2C /* Debug */ = {
			isa = XCBuildConfiguration;
			baseConfigurationReference = A3C4C3F158909093F7EA27B4 /* Pods-DBBrowserTests.debug.xcconfig */;
			buildSettings = {
				BUNDLE_LOADER = "$(TEST_HOST)";
				CLANG_ENABLE_MODULES = YES;
				CODE_SIGN_STYLE = Automatic;
				DEVELOPMENT_TEAM = RBNKHS73S3;
				INFOPLIST_FILE = DBBrowserTests/Info.plist;
				IPHONEOS_DEPLOYMENT_TARGET = 11.0;
				LD_RUNPATH_SEARCH_PATHS = (
					"$(inherited)",
					"@executable_path/Frameworks",
					"@loader_path/Frameworks",
				);
				PRODUCT_BUNDLE_IDENTIFIER = com.avs.DBBrowserTests;
				PRODUCT_NAME = "$(TARGET_NAME)";
				SWIFT_OPTIMIZATION_LEVEL = "-Onone";
				SWIFT_VERSION = 4.0;
				TARGETED_DEVICE_FAMILY = "1,2";
				TEST_HOST = "$(BUILT_PRODUCTS_DIR)/DBBrowser.app/DBBrowser";
			};
			name = Debug;
		};
		B8B401DD20A5DEF500D25B2C /* Release */ = {
			isa = XCBuildConfiguration;
			baseConfigurationReference = 63CDD8A4D06EB52BD8B536DE /* Pods-DBBrowserTests.release.xcconfig */;
			buildSettings = {
				BUNDLE_LOADER = "$(TEST_HOST)";
				CLANG_ENABLE_MODULES = YES;
				CODE_SIGN_STYLE = Automatic;
				DEVELOPMENT_TEAM = RBNKHS73S3;
				INFOPLIST_FILE = DBBrowserTests/Info.plist;
				IPHONEOS_DEPLOYMENT_TARGET = 11.0;
				LD_RUNPATH_SEARCH_PATHS = (
					"$(inherited)",
					"@executable_path/Frameworks",
					"@loader_path/Frameworks",
				);
				PRODUCT_BUNDLE_IDENTIFIER = com.avs.DBBrowserTests;
				PRODUCT_NAME = "$(TARGET_NAME)";
				SWIFT_VERSION = 4.0;
				TARGETED_DEVICE_FAMILY = "1,2";
				TEST_HOST = "$(BUILT_PRODUCTS_DIR)/DBBrowser.app/DBBrowser";
			};
			name = Release;
		};
/* End XCBuildConfiguration section */

/* Begin XCConfigurationList section */
		B8B401B620A5DEF400D25B2C /* Build configuration list for PBXProject "DBBrowser" */ = {
			isa = XCConfigurationList;
			buildConfigurations = (
				B8B401D620A5DEF500D25B2C /* Debug */,
				B8B401D720A5DEF500D25B2C /* Release */,
			);
			defaultConfigurationIsVisible = 0;
			defaultConfigurationName = Release;
		};
		B8B401D820A5DEF500D25B2C /* Build configuration list for PBXNativeTarget "DBBrowser" */ = {
			isa = XCConfigurationList;
			buildConfigurations = (
				B8B401D920A5DEF500D25B2C /* Debug */,
				B8B401DA20A5DEF500D25B2C /* Release */,
			);
			defaultConfigurationIsVisible = 0;
			defaultConfigurationName = Release;
		};
		B8B401DB20A5DEF500D25B2C /* Build configuration list for PBXNativeTarget "DBBrowserTests" */ = {
			isa = XCConfigurationList;
			buildConfigurations = (
				B8B401DC20A5DEF500D25B2C /* Debug */,
				B8B401DD20A5DEF500D25B2C /* Release */,
			);
			defaultConfigurationIsVisible = 0;
			defaultConfigurationName = Release;
		};
/* End XCConfigurationList section */
	};
	rootObject = B8B401B320A5DEF400D25B2C /* Project object */;
}
