// !$*UTF8*$!
{
	archiveVersion = 1;
	classes = {
	};
	objectVersion = 50;
	objects = {

/* Begin PBXBuildFile section */
		3283EB63E51AC3C81B6D3D29 /* Pods_DBBrowserTests.framework in Frameworks */ = {isa = PBXBuildFile; fileRef = 564D031D2AF0CC4BA7B90F34 /* Pods_DBBrowserTests.framework */; };
		B8B401BF20A5DEF400D25B2C /* AppDelegate.swift in Sources */ = {isa = PBXBuildFile; fileRef = B8B401BE20A5DEF400D25B2C /* AppDelegate.swift */; };
		B8B401C420A5DEF400D25B2C /* Main.storyboard in Resources */ = {isa = PBXBuildFile; fileRef = B8B401C220A5DEF400D25B2C /* Main.storyboard */; };
		B8B401C620A5DEF500D25B2C /* Assets.xcassets in Resources */ = {isa = PBXBuildFile; fileRef = B8B401C520A5DEF500D25B2C /* Assets.xcassets */; };
		B8B401C920A5DEF500D25B2C /* LaunchScreen.storyboard in Resources */ = {isa = PBXBuildFile; fileRef = B8B401C720A5DEF500D25B2C /* LaunchScreen.storyboard */; };
		B8B401D420A5DEF500D25B2C /* DBBrowserTests.swift in Sources */ = {isa = PBXBuildFile; fileRef = B8B401D320A5DEF500D25B2C /* DBBrowserTests.swift */; };
		DA8B896B35C4F51E7BD050D5 /* Pods_DBBrowser.framework in Frameworks */ = {isa = PBXBuildFile; fileRef = 939A94425B8324FEA091CD8E /* Pods_DBBrowser.framework */; };
/* End PBXBuildFile section */

/* Begin PBXContainerItemProxy section */
		B8B401D020A5DEF500D25B2C /* PBXContainerItemProxy */ = {
			isa = PBXContainerItemProxy;
			containerPortal = B8B401B320A5DEF400D25B2C /* Project object */;
			proxyType = 1;
			remoteGlobalIDString = B8B401BA20A5DEF400D25B2C;
			remoteInfo = DBBrowser;
		};
/* End PBXContainerItemProxy section */

/* Begin PBXFileReference section */
		564D031D2AF0CC4BA7B90F34 /* Pods_DBBrowserTests.framework */ = {isa = PBXFileReference; explicitFileType = wrapper.framework; includeInIndex = 0; path = Pods_DBBrowserTests.framework; sourceTree = BUILT_PRODUCTS_DIR; };
		69806946CB0E49018B4966E6 /* Pods-DBBrowserTests.release.xcconfig */ = {isa = PBXFileReference; includeInIndex = 1; lastKnownFileType = text.xcconfig; name = "Pods-DBBrowserTests.release.xcconfig"; path = "Pods/Target Support Files/Pods-DBBrowserTests/Pods-DBBrowserTests.release.xcconfig"; sourceTree = "<group>"; };
		939A94425B8324FEA091CD8E /* Pods_DBBrowser.framework */ = {isa = PBXFileReference; explicitFileType = wrapper.framework; includeInIndex = 0; path = Pods_DBBrowser.framework; sourceTree = BUILT_PRODUCTS_DIR; };
		B8B401BB20A5DEF400D25B2C /* DBBrowser.app */ = {isa = PBXFileReference; explicitFileType = wrapper.application; includeInIndex = 0; path = DBBrowser.app; sourceTree = BUILT_PRODUCTS_DIR; };
		B8B401BE20A5DEF400D25B2C /* AppDelegate.swift */ = {isa = PBXFileReference; lastKnownFileType = sourcecode.swift; path = AppDelegate.swift; sourceTree = "<group>"; };
		B8B401C320A5DEF400D25B2C /* Base */ = {isa = PBXFileReference; lastKnownFileType = file.storyboard; name = Base; path = Base.lproj/Main.storyboard; sourceTree = "<group>"; };
		B8B401C520A5DEF500D25B2C /* Assets.xcassets */ = {isa = PBXFileReference; lastKnownFileType = folder.assetcatalog; path = Assets.xcassets; sourceTree = "<group>"; };
		B8B401C820A5DEF500D25B2C /* Base */ = {isa = PBXFileReference; lastKnownFileType = file.storyboard; name = Base; path = Base.lproj/LaunchScreen.storyboard; sourceTree = "<group>"; };
		B8B401CA20A5DEF500D25B2C /* Info.plist */ = {isa = PBXFileReference; lastKnownFileType = text.plist.xml; path = Info.plist; sourceTree = "<group>"; };
		B8B401CF20A5DEF500D25B2C /* DBBrowserTests.xctest */ = {isa = PBXFileReference; explicitFileType = wrapper.cfbundle; includeInIndex = 0; path = DBBrowserTests.xctest; sourceTree = BUILT_PRODUCTS_DIR; };
		B8B401D320A5DEF500D25B2C /* DBBrowserTests.swift */ = {isa = PBXFileReference; lastKnownFileType = sourcecode.swift; path = DBBrowserTests.swift; sourceTree = "<group>"; };
		B8B401D520A5DEF500D25B2C /* Info.plist */ = {isa = PBXFileReference; lastKnownFileType = text.plist.xml; path = Info.plist; sourceTree = "<group>"; };
		E37AB8D1736D88FE0193DC52 /* Pods-DBBrowserTests.debug.xcconfig */ = {isa = PBXFileReference; includeInIndex = 1; lastKnownFileType = text.xcconfig; name = "Pods-DBBrowserTests.debug.xcconfig"; path = "Pods/Target Support Files/Pods-DBBrowserTests/Pods-DBBrowserTests.debug.xcconfig"; sourceTree = "<group>"; };
		F1AADD3F242F76A71FB9977E /* Pods-DBBrowser.release.xcconfig */ = {isa = PBXFileReference; includeInIndex = 1; lastKnownFileType = text.xcconfig; name = "Pods-DBBrowser.release.xcconfig"; path = "Pods/Target Support Files/Pods-DBBrowser/Pods-DBBrowser.release.xcconfig"; sourceTree = "<group>"; };
		F9F6B6C39FCCE994C297FD82 /* Pods-DBBrowser.debug.xcconfig */ = {isa = PBXFileReference; includeInIndex = 1; lastKnownFileType = text.xcconfig; name = "Pods-DBBrowser.debug.xcconfig"; path = "Pods/Target Support Files/Pods-DBBrowser/Pods-DBBrowser.debug.xcconfig"; sourceTree = "<group>"; };
/* End PBXFileReference section */

/* Begin PBXFrameworksBuildPhase section */
		B8B401B820A5DEF400D25B2C /* Frameworks */ = {
			isa = PBXFrameworksBuildPhase;
			buildActionMask = 2147483647;
			files = (
				DA8B896B35C4F51E7BD050D5 /* Pods_DBBrowser.framework in Frameworks */,
			);
			runOnlyForDeploymentPostprocessing = 0;
		};
		B8B401CC20A5DEF500D25B2C /* Frameworks */ = {
			isa = PBXFrameworksBuildPhase;
			buildActionMask = 2147483647;
			files = (
				3283EB63E51AC3C81B6D3D29 /* Pods_DBBrowserTests.framework in Frameworks */,
			);
			runOnlyForDeploymentPostprocessing = 0;
		};
/* End PBXFrameworksBuildPhase section */

/* Begin PBXGroup section */
		1ACDC9CE912D74F4FA3F8D82 /* Pods */ = {
			isa = PBXGroup;
			children = (
				F9F6B6C39FCCE994C297FD82 /* Pods-DBBrowser.debug.xcconfig */,
				F1AADD3F242F76A71FB9977E /* Pods-DBBrowser.release.xcconfig */,
				E37AB8D1736D88FE0193DC52 /* Pods-DBBrowserTests.debug.xcconfig */,
				69806946CB0E49018B4966E6 /* Pods-DBBrowserTests.release.xcconfig */,
			);
			name = Pods;
			sourceTree = "<group>";
		};
		7FEB70594555CE8532B539CE /* Frameworks */ = {
			isa = PBXGroup;
			children = (
				939A94425B8324FEA091CD8E /* Pods_DBBrowser.framework */,
				564D031D2AF0CC4BA7B90F34 /* Pods_DBBrowserTests.framework */,
			);
			name = Frameworks;
			sourceTree = "<group>";
		};
		B8B401B220A5DEF400D25B2C = {
			isa = PBXGroup;
			children = (
				B8B401BD20A5DEF400D25B2C /* DBBrowser */,
				B8B401D220A5DEF500D25B2C /* DBBrowserTests */,
				B8B401BC20A5DEF400D25B2C /* Products */,
				1ACDC9CE912D74F4FA3F8D82 /* Pods */,
				7FEB70594555CE8532B539CE /* Frameworks */,
			);
			sourceTree = "<group>";
		};
		B8B401BC20A5DEF400D25B2C /* Products */ = {
			isa = PBXGroup;
			children = (
				B8B401BB20A5DEF400D25B2C /* DBBrowser.app */,
				B8B401CF20A5DEF500D25B2C /* DBBrowserTests.xctest */,
			);
			name = Products;
			sourceTree = "<group>";
		};
		B8B401BD20A5DEF400D25B2C /* DBBrowser */ = {
			isa = PBXGroup;
			children = (
				B8B401DE20A5DF9700D25B2C /* API */,
				B8B401BE20A5DEF400D25B2C /* AppDelegate.swift */,
				B8B401C220A5DEF400D25B2C /* Main.storyboard */,
				B8B401C520A5DEF500D25B2C /* Assets.xcassets */,
				B8B401C720A5DEF500D25B2C /* LaunchScreen.storyboard */,
				B8B401CA20A5DEF500D25B2C /* Info.plist */,
			);
			path = DBBrowser;
			sourceTree = "<group>";
		};
		B8B401D220A5DEF500D25B2C /* DBBrowserTests */ = {
			isa = PBXGroup;
			children = (
				B8B401D320A5DEF500D25B2C /* DBBrowserTests.swift */,
				B8B401D520A5DEF500D25B2C /* Info.plist */,
			);
			path = DBBrowserTests;
			sourceTree = "<group>";
		};
		B8B401DE20A5DF9700D25B2C /* API */ = {
			isa = PBXGroup;
			children = (
			);
			path = API;
			sourceTree = "<group>";
		};
/* End PBXGroup section */

/* Begin PBXNativeTarget section */
		B8B401BA20A5DEF400D25B2C /* DBBrowser */ = {
			isa = PBXNativeTarget;
			buildConfigurationList = B8B401D820A5DEF500D25B2C /* Build configuration list for PBXNativeTarget "DBBrowser" */;
			buildPhases = (
				9153A21FFD34D2CF82B9EC79 /* [CP] Check Pods Manifest.lock */,
				B8B401B720A5DEF400D25B2C /* Sources */,
				B8B401B820A5DEF400D25B2C /* Frameworks */,
				B8B401B920A5DEF400D25B2C /* Resources */,
				D1D14856EA8FF04DFE56DD63 /* [CP] Embed Pods Frameworks */,
			);
			buildRules = (
			);
			dependencies = (
			);
			name = DBBrowser;
			productName = DBBrowser;
			productReference = B8B401BB20A5DEF400D25B2C /* DBBrowser.app */;
			productType = "com.apple.product-type.application";
		};
		B8B401CE20A5DEF500D25B2C /* DBBrowserTests */ = {
			isa = PBXNativeTarget;
			buildConfigurationList = B8B401DB20A5DEF500D25B2C /* Build configuration list for PBXNativeTarget "DBBrowserTests" */;
			buildPhases = (
				1E48F6BCE8A8192E27433917 /* [CP] Check Pods Manifest.lock */,
				B8B401CB20A5DEF500D25B2C /* Sources */,
				B8B401CC20A5DEF500D25B2C /* Frameworks */,
				B8B401CD20A5DEF500D25B2C /* Resources */,
				E06C14B413F1547D96B95D2E /* [CP] Embed Pods Frameworks */,
			);
			buildRules = (
			);
			dependencies = (
				B8B401D120A5DEF500D25B2C /* PBXTargetDependency */,
			);
			name = DBBrowserTests;
			productName = DBBrowserTests;
			productReference = B8B401CF20A5DEF500D25B2C /* DBBrowserTests.xctest */;
			productType = "com.apple.product-type.bundle.unit-test";
		};
/* End PBXNativeTarget section */

/* Begin PBXProject section */
		B8B401B320A5DEF400D25B2C /* Project object */ = {
			isa = PBXProject;
			attributes = {
				LastSwiftUpdateCheck = 0930;
				LastUpgradeCheck = 0930;
				ORGANIZATIONNAME = AlexShubin;
				TargetAttributes = {
					B8B401BA20A5DEF400D25B2C = {
						CreatedOnToolsVersion = 9.3;
					};
					B8B401CE20A5DEF500D25B2C = {
						CreatedOnToolsVersion = 9.3;
						TestTargetID = B8B401BA20A5DEF400D25B2C;
					};
				};
			};
			buildConfigurationList = B8B401B620A5DEF400D25B2C /* Build configuration list for PBXProject "DBBrowser" */;
			compatibilityVersion = "Xcode 9.3";
			developmentRegion = en;
			hasScannedForEncodings = 0;
			knownRegions = (
				en,
				Base,
			);
			mainGroup = B8B401B220A5DEF400D25B2C;
			productRefGroup = B8B401BC20A5DEF400D25B2C /* Products */;
			projectDirPath = "";
			projectRoot = "";
			targets = (
				B8B401BA20A5DEF400D25B2C /* DBBrowser */,
				B8B401CE20A5DEF500D25B2C /* DBBrowserTests */,
			);
		};
/* End PBXProject section */

/* Begin PBXResourcesBuildPhase section */
		B8B401B920A5DEF400D25B2C /* Resources */ = {
			isa = PBXResourcesBuildPhase;
			buildActionMask = 2147483647;
			files = (
				B8B401C920A5DEF500D25B2C /* LaunchScreen.storyboard in Resources */,
				B8B401C620A5DEF500D25B2C /* Assets.xcassets in Resources */,
				B8B401C420A5DEF400D25B2C /* Main.storyboard in Resources */,
			);
			runOnlyForDeploymentPostprocessing = 0;
		};
		B8B401CD20A5DEF500D25B2C /* Resources */ = {
			isa = PBXResourcesBuildPhase;
			buildActionMask = 2147483647;
			files = (
			);
			runOnlyForDeploymentPostprocessing = 0;
		};
/* End PBXResourcesBuildPhase section */

/* Begin PBXShellScriptBuildPhase section */
		1E48F6BCE8A8192E27433917 /* [CP] Check Pods Manifest.lock */ = {
			isa = PBXShellScriptBuildPhase;
			buildActionMask = 2147483647;
			files = (
			);
			inputPaths = (
				"${PODS_PODFILE_DIR_PATH}/Podfile.lock",
				"${PODS_ROOT}/Manifest.lock",
			);
			name = "[CP] Check Pods Manifest.lock";
			outputPaths = (
				"$(DERIVED_FILE_DIR)/Pods-DBBrowserTests-checkManifestLockResult.txt",
			);
			runOnlyForDeploymentPostprocessing = 0;
			shellPath = /bin/sh;
			shellScript = "diff \"${PODS_PODFILE_DIR_PATH}/Podfile.lock\" \"${PODS_ROOT}/Manifest.lock\" > /dev/null\nif [ $? != 0 ] ; then\n    # print error to STDERR\n    echo \"error: The sandbox is not in sync with the Podfile.lock. Run 'pod install' or update your CocoaPods installation.\" >&2\n    exit 1\nfi\n# This output is used by Xcode 'outputs' to avoid re-running this script phase.\necho \"SUCCESS\" > \"${SCRIPT_OUTPUT_FILE_0}\"\n";
			showEnvVarsInLog = 0;
		};
		9153A21FFD34D2CF82B9EC79 /* [CP] Check Pods Manifest.lock */ = {
			isa = PBXShellScriptBuildPhase;
			buildActionMask = 2147483647;
			files = (
			);
			inputPaths = (
				"${PODS_PODFILE_DIR_PATH}/Podfile.lock",
				"${PODS_ROOT}/Manifest.lock",
			);
			name = "[CP] Check Pods Manifest.lock";
			outputPaths = (
				"$(DERIVED_FILE_DIR)/Pods-DBBrowser-checkManifestLockResult.txt",
			);
			runOnlyForDeploymentPostprocessing = 0;
			shellPath = /bin/sh;
			shellScript = "diff \"${PODS_PODFILE_DIR_PATH}/Podfile.lock\" \"${PODS_ROOT}/Manifest.lock\" > /dev/null\nif [ $? != 0 ] ; then\n    # print error to STDERR\n    echo \"error: The sandbox is not in sync with the Podfile.lock. Run 'pod install' or update your CocoaPods installation.\" >&2\n    exit 1\nfi\n# This output is used by Xcode 'outputs' to avoid re-running this script phase.\necho \"SUCCESS\" > \"${SCRIPT_OUTPUT_FILE_0}\"\n";
			showEnvVarsInLog = 0;
		};
		D1D14856EA8FF04DFE56DD63 /* [CP] Embed Pods Frameworks */ = {
			isa = PBXShellScriptBuildPhase;
			buildActionMask = 2147483647;
			files = (
			);
			inputPaths = (
				"${SRCROOT}/Pods/Target Support Files/Pods-DBBrowser/Pods-DBBrowser-frameworks.sh",
				"${BUILT_PRODUCTS_DIR}/Differentiator/Differentiator.framework",
				"${BUILT_PRODUCTS_DIR}/RxCocoa/RxCocoa.framework",
				"${BUILT_PRODUCTS_DIR}/RxDataSources/RxDataSources.framework",
				"${BUILT_PRODUCTS_DIR}/RxFeedback/RxFeedback.framework",
				"${BUILT_PRODUCTS_DIR}/RxSwift/RxSwift.framework",
			);
			name = "[CP] Embed Pods Frameworks";
			outputPaths = (
				"${TARGET_BUILD_DIR}/${FRAMEWORKS_FOLDER_PATH}/Differentiator.framework",
				"${TARGET_BUILD_DIR}/${FRAMEWORKS_FOLDER_PATH}/RxCocoa.framework",
				"${TARGET_BUILD_DIR}/${FRAMEWORKS_FOLDER_PATH}/RxDataSources.framework",
				"${TARGET_BUILD_DIR}/${FRAMEWORKS_FOLDER_PATH}/RxFeedback.framework",
				"${TARGET_BUILD_DIR}/${FRAMEWORKS_FOLDER_PATH}/RxSwift.framework",
			);
			runOnlyForDeploymentPostprocessing = 0;
			shellPath = /bin/sh;
			shellScript = "\"${SRCROOT}/Pods/Target Support Files/Pods-DBBrowser/Pods-DBBrowser-frameworks.sh\"\n";
			showEnvVarsInLog = 0;
		};
		E06C14B413F1547D96B95D2E /* [CP] Embed Pods Frameworks */ = {
			isa = PBXShellScriptBuildPhase;
			buildActionMask = 2147483647;
			files = (
			);
			inputPaths = (
				"${SRCROOT}/Pods/Target Support Files/Pods-DBBrowserTests/Pods-DBBrowserTests-frameworks.sh",
				"${BUILT_PRODUCTS_DIR}/Differentiator/Differentiator.framework",
				"${BUILT_PRODUCTS_DIR}/RxCocoa/RxCocoa.framework",
				"${BUILT_PRODUCTS_DIR}/RxDataSources/RxDataSources.framework",
				"${BUILT_PRODUCTS_DIR}/RxSwift/RxSwift.framework",
				"${BUILT_PRODUCTS_DIR}/RxTest/RxTest.framework",
			);
			name = "[CP] Embed Pods Frameworks";
			outputPaths = (
				"${TARGET_BUILD_DIR}/${FRAMEWORKS_FOLDER_PATH}/Differentiator.framework",
				"${TARGET_BUILD_DIR}/${FRAMEWORKS_FOLDER_PATH}/RxCocoa.framework",
				"${TARGET_BUILD_DIR}/${FRAMEWORKS_FOLDER_PATH}/RxDataSources.framework",
				"${TARGET_BUILD_DIR}/${FRAMEWORKS_FOLDER_PATH}/RxSwift.framework",
				"${TARGET_BUILD_DIR}/${FRAMEWORKS_FOLDER_PATH}/RxTest.framework",
			);
			runOnlyForDeploymentPostprocessing = 0;
			shellPath = /bin/sh;
			shellScript = "\"${SRCROOT}/Pods/Target Support Files/Pods-DBBrowserTests/Pods-DBBrowserTests-frameworks.sh\"\n";
			showEnvVarsInLog = 0;
		};
/* End PBXShellScriptBuildPhase section */

/* Begin PBXSourcesBuildPhase section */
		B8B401B720A5DEF400D25B2C /* Sources */ = {
			isa = PBXSourcesBuildPhase;
			buildActionMask = 2147483647;
			files = (
				B8B401BF20A5DEF400D25B2C /* AppDelegate.swift in Sources */,
			);
			runOnlyForDeploymentPostprocessing = 0;
		};
		B8B401CB20A5DEF500D25B2C /* Sources */ = {
			isa = PBXSourcesBuildPhase;
			buildActionMask = 2147483647;
			files = (
				B8B401D420A5DEF500D25B2C /* DBBrowserTests.swift in Sources */,
			);
			runOnlyForDeploymentPostprocessing = 0;
		};
/* End PBXSourcesBuildPhase section */

/* Begin PBXTargetDependency section */
		B8B401D120A5DEF500D25B2C /* PBXTargetDependency */ = {
			isa = PBXTargetDependency;
			target = B8B401BA20A5DEF400D25B2C /* DBBrowser */;
			targetProxy = B8B401D020A5DEF500D25B2C /* PBXContainerItemProxy */;
		};
/* End PBXTargetDependency section */

/* Begin PBXVariantGroup section */
		B8B401C220A5DEF400D25B2C /* Main.storyboard */ = {
			isa = PBXVariantGroup;
			children = (
				B8B401C320A5DEF400D25B2C /* Base */,
			);
			name = Main.storyboard;
			sourceTree = "<group>";
		};
		B8B401C720A5DEF500D25B2C /* LaunchScreen.storyboard */ = {
			isa = PBXVariantGroup;
			children = (
				B8B401C820A5DEF500D25B2C /* Base */,
			);
			name = LaunchScreen.storyboard;
			sourceTree = "<group>";
		};
/* End PBXVariantGroup section */

/* Begin XCBuildConfiguration section */
		B8B401D620A5DEF500D25B2C /* Debug */ = {
			isa = XCBuildConfiguration;
			buildSettings = {
				ALWAYS_SEARCH_USER_PATHS = NO;
				CLANG_ANALYZER_NONNULL = YES;
				CLANG_ANALYZER_NUMBER_OBJECT_CONVERSION = YES_AGGRESSIVE;
				CLANG_CXX_LANGUAGE_STANDARD = "gnu++14";
				CLANG_CXX_LIBRARY = "libc++";
				CLANG_ENABLE_MODULES = YES;
				CLANG_ENABLE_OBJC_ARC = YES;
				CLANG_ENABLE_OBJC_WEAK = YES;
				CLANG_WARN_BLOCK_CAPTURE_AUTORELEASING = YES;
				CLANG_WARN_BOOL_CONVERSION = YES;
				CLANG_WARN_COMMA = YES;
				CLANG_WARN_CONSTANT_CONVERSION = YES;
				CLANG_WARN_DEPRECATED_OBJC_IMPLEMENTATIONS = YES;
				CLANG_WARN_DIRECT_OBJC_ISA_USAGE = YES_ERROR;
				CLANG_WARN_DOCUMENTATION_COMMENTS = YES;
				CLANG_WARN_EMPTY_BODY = YES;
				CLANG_WARN_ENUM_CONVERSION = YES;
				CLANG_WARN_INFINITE_RECURSION = YES;
				CLANG_WARN_INT_CONVERSION = YES;
				CLANG_WARN_NON_LITERAL_NULL_CONVERSION = YES;
				CLANG_WARN_OBJC_IMPLICIT_RETAIN_SELF = YES;
				CLANG_WARN_OBJC_LITERAL_CONVERSION = YES;
				CLANG_WARN_OBJC_ROOT_CLASS = YES_ERROR;
				CLANG_WARN_RANGE_LOOP_ANALYSIS = YES;
				CLANG_WARN_STRICT_PROTOTYPES = YES;
				CLANG_WARN_SUSPICIOUS_MOVE = YES;
				CLANG_WARN_UNGUARDED_AVAILABILITY = YES_AGGRESSIVE;
				CLANG_WARN_UNREACHABLE_CODE = YES;
				CLANG_WARN__DUPLICATE_METHOD_MATCH = YES;
				CODE_SIGN_IDENTITY = "iPhone Developer";
				COPY_PHASE_STRIP = NO;
				DEBUG_INFORMATION_FORMAT = dwarf;
				ENABLE_STRICT_OBJC_MSGSEND = YES;
				ENABLE_TESTABILITY = YES;
				GCC_C_LANGUAGE_STANDARD = gnu11;
				GCC_DYNAMIC_NO_PIC = NO;
				GCC_NO_COMMON_BLOCKS = YES;
				GCC_OPTIMIZATION_LEVEL = 0;
				GCC_PREPROCESSOR_DEFINITIONS = (
					"DEBUG=1",
					"$(inherited)",
				);
				GCC_WARN_64_TO_32_BIT_CONVERSION = YES;
				GCC_WARN_ABOUT_RETURN_TYPE = YES_ERROR;
				GCC_WARN_UNDECLARED_SELECTOR = YES;
				GCC_WARN_UNINITIALIZED_AUTOS = YES_AGGRESSIVE;
				GCC_WARN_UNUSED_FUNCTION = YES;
				GCC_WARN_UNUSED_VARIABLE = YES;
				IPHONEOS_DEPLOYMENT_TARGET = 11.3;
				MTL_ENABLE_DEBUG_INFO = YES;
				ONLY_ACTIVE_ARCH = YES;
				SDKROOT = iphoneos;
				SWIFT_ACTIVE_COMPILATION_CONDITIONS = DEBUG;
				SWIFT_OPTIMIZATION_LEVEL = "-Onone";
			};
			name = Debug;
		};
		B8B401D720A5DEF500D25B2C /* Release */ = {
			isa = XCBuildConfiguration;
			buildSettings = {
				ALWAYS_SEARCH_USER_PATHS = NO;
				CLANG_ANALYZER_NONNULL = YES;
				CLANG_ANALYZER_NUMBER_OBJECT_CONVERSION = YES_AGGRESSIVE;
				CLANG_CXX_LANGUAGE_STANDARD = "gnu++14";
				CLANG_CXX_LIBRARY = "libc++";
				CLANG_ENABLE_MODULES = YES;
				CLANG_ENABLE_OBJC_ARC = YES;
				CLANG_ENABLE_OBJC_WEAK = YES;
				CLANG_WARN_BLOCK_CAPTURE_AUTORELEASING = YES;
				CLANG_WARN_BOOL_CONVERSION = YES;
				CLANG_WARN_COMMA = YES;
				CLANG_WARN_CONSTANT_CONVERSION = YES;
				CLANG_WARN_DEPRECATED_OBJC_IMPLEMENTATIONS = YES;
				CLANG_WARN_DIRECT_OBJC_ISA_USAGE = YES_ERROR;
				CLANG_WARN_DOCUMENTATION_COMMENTS = YES;
				CLANG_WARN_EMPTY_BODY = YES;
				CLANG_WARN_ENUM_CONVERSION = YES;
				CLANG_WARN_INFINITE_RECURSION = YES;
				CLANG_WARN_INT_CONVERSION = YES;
				CLANG_WARN_NON_LITERAL_NULL_CONVERSION = YES;
				CLANG_WARN_OBJC_IMPLICIT_RETAIN_SELF = YES;
				CLANG_WARN_OBJC_LITERAL_CONVERSION = YES;
				CLANG_WARN_OBJC_ROOT_CLASS = YES_ERROR;
				CLANG_WARN_RANGE_LOOP_ANALYSIS = YES;
				CLANG_WARN_STRICT_PROTOTYPES = YES;
				CLANG_WARN_SUSPICIOUS_MOVE = YES;
				CLANG_WARN_UNGUARDED_AVAILABILITY = YES_AGGRESSIVE;
				CLANG_WARN_UNREACHABLE_CODE = YES;
				CLANG_WARN__DUPLICATE_METHOD_MATCH = YES;
				CODE_SIGN_IDENTITY = "iPhone Developer";
				COPY_PHASE_STRIP = NO;
				DEBUG_INFORMATION_FORMAT = "dwarf-with-dsym";
				ENABLE_NS_ASSERTIONS = NO;
				ENABLE_STRICT_OBJC_MSGSEND = YES;
				GCC_C_LANGUAGE_STANDARD = gnu11;
				GCC_NO_COMMON_BLOCKS = YES;
				GCC_WARN_64_TO_32_BIT_CONVERSION = YES;
				GCC_WARN_ABOUT_RETURN_TYPE = YES_ERROR;
				GCC_WARN_UNDECLARED_SELECTOR = YES;
				GCC_WARN_UNINITIALIZED_AUTOS = YES_AGGRESSIVE;
				GCC_WARN_UNUSED_FUNCTION = YES;
				GCC_WARN_UNUSED_VARIABLE = YES;
				IPHONEOS_DEPLOYMENT_TARGET = 11.3;
				MTL_ENABLE_DEBUG_INFO = NO;
				SDKROOT = iphoneos;
				SWIFT_COMPILATION_MODE = wholemodule;
				SWIFT_OPTIMIZATION_LEVEL = "-O";
				VALIDATE_PRODUCT = YES;
			};
			name = Release;
		};
		B8B401D920A5DEF500D25B2C /* Debug */ = {
			isa = XCBuildConfiguration;
			baseConfigurationReference = F9F6B6C39FCCE994C297FD82 /* Pods-DBBrowser.debug.xcconfig */;
			buildSettings = {
				ASSETCATALOG_COMPILER_APPICON_NAME = AppIcon;
				CODE_SIGN_STYLE = Automatic;
				DEVELOPMENT_TEAM = RBNKHS73S3;
				INFOPLIST_FILE = DBBrowser/Info.plist;
				IPHONEOS_DEPLOYMENT_TARGET = 10.3;
				LD_RUNPATH_SEARCH_PATHS = (
					"$(inherited)",
					"@executable_path/Frameworks",
				);
				PRODUCT_BUNDLE_IDENTIFIER = com.avs.DBBrowser;
				PRODUCT_NAME = "$(TARGET_NAME)";
				SWIFT_VERSION = 4.0;
				TARGETED_DEVICE_FAMILY = 1;
			};
			name = Debug;
		};
		B8B401DA20A5DEF500D25B2C /* Release */ = {
			isa = XCBuildConfiguration;
			baseConfigurationReference = F1AADD3F242F76A71FB9977E /* Pods-DBBrowser.release.xcconfig */;
			buildSettings = {
				ASSETCATALOG_COMPILER_APPICON_NAME = AppIcon;
				CODE_SIGN_STYLE = Automatic;
				DEVELOPMENT_TEAM = RBNKHS73S3;
				INFOPLIST_FILE = DBBrowser/Info.plist;
				IPHONEOS_DEPLOYMENT_TARGET = 10.3;
				LD_RUNPATH_SEARCH_PATHS = (
					"$(inherited)",
					"@executable_path/Frameworks",
				);
				PRODUCT_BUNDLE_IDENTIFIER = com.avs.DBBrowser;
				PRODUCT_NAME = "$(TARGET_NAME)";
				SWIFT_VERSION = 4.0;
				TARGETED_DEVICE_FAMILY = 1;
			};
			name = Release;
		};
		B8B401DC20A5DEF500D25B2C /* Debug */ = {
			isa = XCBuildConfiguration;
			baseConfigurationReference = E37AB8D1736D88FE0193DC52 /* Pods-DBBrowserTests.debug.xcconfig */;
			buildSettings = {
				BUNDLE_LOADER = "$(TEST_HOST)";
				CODE_SIGN_STYLE = Automatic;
				DEVELOPMENT_TEAM = RBNKHS73S3;
				INFOPLIST_FILE = DBBrowserTests/Info.plist;
				LD_RUNPATH_SEARCH_PATHS = (
					"$(inherited)",
					"@executable_path/Frameworks",
					"@loader_path/Frameworks",
				);
				PRODUCT_BUNDLE_IDENTIFIER = com.avs.DBBrowserTests;
				PRODUCT_NAME = "$(TARGET_NAME)";
				SWIFT_VERSION = 4.0;
				TARGETED_DEVICE_FAMILY = "1,2";
				TEST_HOST = "$(BUILT_PRODUCTS_DIR)/DBBrowser.app/DBBrowser";
			};
			name = Debug;
		};
		B8B401DD20A5DEF500D25B2C /* Release */ = {
			isa = XCBuildConfiguration;
			baseConfigurationReference = 69806946CB0E49018B4966E6 /* Pods-DBBrowserTests.release.xcconfig */;
			buildSettings = {
				BUNDLE_LOADER = "$(TEST_HOST)";
				CODE_SIGN_STYLE = Automatic;
				DEVELOPMENT_TEAM = RBNKHS73S3;
				INFOPLIST_FILE = DBBrowserTests/Info.plist;
				LD_RUNPATH_SEARCH_PATHS = (
					"$(inherited)",
					"@executable_path/Frameworks",
					"@loader_path/Frameworks",
				);
				PRODUCT_BUNDLE_IDENTIFIER = com.avs.DBBrowserTests;
				PRODUCT_NAME = "$(TARGET_NAME)";
				SWIFT_VERSION = 4.0;
				TARGETED_DEVICE_FAMILY = "1,2";
				TEST_HOST = "$(BUILT_PRODUCTS_DIR)/DBBrowser.app/DBBrowser";
			};
			name = Release;
		};
/* End XCBuildConfiguration section */

/* Begin XCConfigurationList section */
		B8B401B620A5DEF400D25B2C /* Build configuration list for PBXProject "DBBrowser" */ = {
			isa = XCConfigurationList;
			buildConfigurations = (
				B8B401D620A5DEF500D25B2C /* Debug */,
				B8B401D720A5DEF500D25B2C /* Release */,
			);
			defaultConfigurationIsVisible = 0;
			defaultConfigurationName = Release;
		};
		B8B401D820A5DEF500D25B2C /* Build configuration list for PBXNativeTarget "DBBrowser" */ = {
			isa = XCConfigurationList;
			buildConfigurations = (
				B8B401D920A5DEF500D25B2C /* Debug */,
				B8B401DA20A5DEF500D25B2C /* Release */,
			);
			defaultConfigurationIsVisible = 0;
			defaultConfigurationName = Release;
		};
		B8B401DB20A5DEF500D25B2C /* Build configuration list for PBXNativeTarget "DBBrowserTests" */ = {
			isa = XCConfigurationList;
			buildConfigurations = (
				B8B401DC20A5DEF500D25B2C /* Debug */,
				B8B401DD20A5DEF500D25B2C /* Release */,
			);
			defaultConfigurationIsVisible = 0;
			defaultConfigurationName = Release;
		};
/* End XCConfigurationList section */
	};
	rootObject = B8B401B320A5DEF400D25B2C /* Project object */;
}
